// !$*UTF8*$!
{
	archiveVersion = 1;
	classes = {
	};
	objectVersion = 46;
	objects = {

/* Begin PBXBuildFile section */
		FA0B813B1F94BB510090168B /* BluenetCBDelegate.swift in Sources */ = {isa = PBXBuildFile; fileRef = FA0B813A1F94BB510090168B /* BluenetCBDelegate.swift */; };
		FA0B813D1F94BC410090168B /* BluenetCBDelegateBackground.swift in Sources */ = {isa = PBXBuildFile; fileRef = FA0B813C1F94BC410090168B /* BluenetCBDelegateBackground.swift */; };
		FA1F799F21A328CF00E05F31 /* Watch.swift in Sources */ = {isa = PBXBuildFile; fileRef = FA1F799E21A328CF00E05F31 /* Watch.swift */; };
		FA225EF321359C7900549058 /* CrownstoneContainer.swift in Sources */ = {isa = PBXBuildFile; fileRef = FA225EF221359C7900549058 /* CrownstoneContainer.swift */; };
		FA2261C11E55A7B9001D0262 /* DeviceHandler.swift in Sources */ = {isa = PBXBuildFile; fileRef = FA2261C01E55A7B9001D0262 /* DeviceHandler.swift */; };
		FA29280522C110BD004ABB5E /* BleUtil.swift in Sources */ = {isa = PBXBuildFile; fileRef = FA29280422C110BD004ABB5E /* BleUtil.swift */; };
		FA2D0F6E1E1BFD88006A8260 /* iOSDFULibrary.framework in Frameworks */ = {isa = PBXBuildFile; fileRef = FA2D0F6D1E1BFD88006A8260 /* iOSDFULibrary.framework */; };
		FA2DCB681DD0C99300D5A893 /* BluenetLib.framework in Frameworks */ = {isa = PBXBuildFile; fileRef = FA3C18791CBBDA6B00A11CF7 /* BluenetLib.framework */; };
		FA3FC25B1ED3499C00DD2F76 /* StateHandler.swift in Sources */ = {isa = PBXBuildFile; fileRef = FA3FC25A1ED3499C00DD2F76 /* StateHandler.swift */; };
		FA3FC25D1ED34DEF00DD2F76 /* ConversionTests.swift in Sources */ = {isa = PBXBuildFile; fileRef = FA3FC25C1ED34DEF00DD2F76 /* ConversionTests.swift */; };
		FA3FC25F1ED4346200DD2F76 /* CrownstoneErrors.swift in Sources */ = {isa = PBXBuildFile; fileRef = FA3FC25E1ED4346200DD2F76 /* CrownstoneErrors.swift */; };
		FA4B678F213839B60050CE9D /* KeySet.swift in Sources */ = {isa = PBXBuildFile; fileRef = FA4B678E213839B60050CE9D /* KeySet.swift */; };
		FA4B67912138414D0050CE9D /* AdvertisementValidator.swift in Sources */ = {isa = PBXBuildFile; fileRef = FA4B67902138414D0050CE9D /* AdvertisementValidator.swift */; };
		FA535A752076855000B6B793 /* opCode5.swift in Sources */ = {isa = PBXBuildFile; fileRef = FA535A742076855000B6B793 /* opCode5.swift */; };
		FA535A772076856400B6B793 /* opCode6.swift in Sources */ = {isa = PBXBuildFile; fileRef = FA535A762076856400B6B793 /* opCode6.swift */; };
		FA5882B91E38C0F100913AE6 /* BleManager.swift in Sources */ = {isa = PBXBuildFile; fileRef = FA58828A1E38C0F000913AE6 /* BleManager.swift */; };
		FA5882BA1E38C0F100913AE6 /* LocationManager.swift in Sources */ = {isa = PBXBuildFile; fileRef = FA58828B1E38C0F000913AE6 /* LocationManager.swift */; };
		FA5882BB1E38C0F100913AE6 /* ConfigHandler.swift in Sources */ = {isa = PBXBuildFile; fileRef = FA58828D1E38C0F000913AE6 /* ConfigHandler.swift */; };
		FA5882BC1E38C0F100913AE6 /* ControlHandler.swift in Sources */ = {isa = PBXBuildFile; fileRef = FA58828E1E38C0F000913AE6 /* ControlHandler.swift */; };
		FA5882BD1E38C0F100913AE6 /* DfuHandler.swift in Sources */ = {isa = PBXBuildFile; fileRef = FA58828F1E38C0F000913AE6 /* DfuHandler.swift */; };
		FA5882BE1E38C0F100913AE6 /* PowerHandler.swift in Sources */ = {isa = PBXBuildFile; fileRef = FA5882901E38C0F000913AE6 /* PowerHandler.swift */; };
		FA5882BF1E38C0F100913AE6 /* SetupHandler.swift in Sources */ = {isa = PBXBuildFile; fileRef = FA5882911E38C0F000913AE6 /* SetupHandler.swift */; };
		FA5882C01E38C0F100913AE6 /* Bluenet.swift in Sources */ = {isa = PBXBuildFile; fileRef = FA5882921E38C0F000913AE6 /* Bluenet.swift */; };
		FA5882C21E38C0F100913AE6 /* BluenetLocalization.swift in Sources */ = {isa = PBXBuildFile; fileRef = FA5882941E38C0F000913AE6 /* BluenetLocalization.swift */; };
		FA5882C31E38C0F100913AE6 /* BluenetMotion.swift in Sources */ = {isa = PBXBuildFile; fileRef = FA5882951E38C0F000913AE6 /* BluenetMotion.swift */; };
		FA5882C41E38C0F100913AE6 /* Advertisement.swift in Sources */ = {isa = PBXBuildFile; fileRef = FA5882981E38C0F000913AE6 /* Advertisement.swift */; };
		FA5882C61E38C0F100913AE6 /* BluenetSettings.swift in Sources */ = {isa = PBXBuildFile; fileRef = FA58829A1E38C0F000913AE6 /* BluenetSettings.swift */; };
		FA5882C71E38C0F100913AE6 /* EncryptedPackage.swift in Sources */ = {isa = PBXBuildFile; fileRef = FA58829B1E38C0F000913AE6 /* EncryptedPackage.swift */; };
		FA5882C81E38C0F100913AE6 /* Firmware.swift in Sources */ = {isa = PBXBuildFile; fileRef = FA58829C1E38C0F000913AE6 /* Firmware.swift */; };
		FA5882C91E38C0F100913AE6 /* iBeaconContainers.swift in Sources */ = {isa = PBXBuildFile; fileRef = FA58829D1E38C0F000913AE6 /* iBeaconContainers.swift */; };
		FA5882CA1E38C0F100913AE6 /* NearestItem.swift in Sources */ = {isa = PBXBuildFile; fileRef = FA58829E1E38C0F100913AE6 /* NearestItem.swift */; };
		FA5882CB1E38C0F100913AE6 /* PowerSamples.swift in Sources */ = {isa = PBXBuildFile; fileRef = FA58829F1E38C0F100913AE6 /* PowerSamples.swift */; };
		FA5882CC1E38C0F100913AE6 /* PromiseContainer.swift in Sources */ = {isa = PBXBuildFile; fileRef = FA5882A01E38C0F100913AE6 /* PromiseContainer.swift */; };
		FA5882CE1E38C0F100913AE6 /* TrainingData.swift in Sources */ = {isa = PBXBuildFile; fileRef = FA5882A21E38C0F100913AE6 /* TrainingData.swift */; };
		FA5882CF1E38C0F100913AE6 /* EncryptionHandler.swift in Sources */ = {isa = PBXBuildFile; fileRef = FA5882A41E38C0F100913AE6 /* EncryptionHandler.swift */; };
		FA5882D01E38C0F100913AE6 /* Globals.swift in Sources */ = {isa = PBXBuildFile; fileRef = FA5882A51E38C0F100913AE6 /* Globals.swift */; };
		FA5882D31E38C0F100913AE6 /* BlePackets.swift in Sources */ = {isa = PBXBuildFile; fileRef = FA5882A91E38C0F100913AE6 /* BlePackets.swift */; };
		FA5882D41E38C0F100913AE6 /* BluenetTypes.swift in Sources */ = {isa = PBXBuildFile; fileRef = FA5882AA1E38C0F100913AE6 /* BluenetTypes.swift */; };
		FA5882D51E38C0F100913AE6 /* Characteristics.swift in Sources */ = {isa = PBXBuildFile; fileRef = FA5882AB1E38C0F100913AE6 /* Characteristics.swift */; };
		FA5882D61E38C0F100913AE6 /* Services.swift in Sources */ = {isa = PBXBuildFile; fileRef = FA5882AC1E38C0F100913AE6 /* Services.swift */; };
		FA5882D71E38C0F100913AE6 /* TrainingHelper.swift in Sources */ = {isa = PBXBuildFile; fileRef = FA5882AD1E38C0F100913AE6 /* TrainingHelper.swift */; };
		FA5882D81E38C0F100913AE6 /* Conversion.swift in Sources */ = {isa = PBXBuildFile; fileRef = FA5882AF1E38C0F100913AE6 /* Conversion.swift */; };
		FA5882D91E38C0F100913AE6 /* Eventbus.swift in Sources */ = {isa = PBXBuildFile; fileRef = FA5882B01E38C0F100913AE6 /* Eventbus.swift */; };
		FA5882DA1E38C0F100913AE6 /* JSONUtils.swift in Sources */ = {isa = PBXBuildFile; fileRef = FA5882B11E38C0F100913AE6 /* JSONUtils.swift */; };
		FA5882DB1E38C0F100913AE6 /* NotificationMerger.swift in Sources */ = {isa = PBXBuildFile; fileRef = FA5882B21E38C0F100913AE6 /* NotificationMerger.swift */; };
		FA5882DC1E38C0F100913AE6 /* Util.swift in Sources */ = {isa = PBXBuildFile; fileRef = FA5882B31E38C0F100913AE6 /* Util.swift */; };
		FA5882E21E38C10600913AE6 /* BluenetShared.framework in Frameworks */ = {isa = PBXBuildFile; fileRef = FA5882E11E38C10600913AE6 /* BluenetShared.framework */; };
		FA5882E31E38C27100913AE6 /* BluenetLib.h in Headers */ = {isa = PBXBuildFile; fileRef = FA5882931E38C0F000913AE6 /* BluenetLib.h */; settings = {ATTRIBUTES = (Public, ); }; };
		FA5882E41E38C2E800913AE6 /* BluenetLibTests.swift in Sources */ = {isa = PBXBuildFile; fileRef = FA5882B51E38C0F100913AE6 /* BluenetLibTests.swift */; };
		FA5882E51E38C2EA00913AE6 /* EncryptionTests.swift in Sources */ = {isa = PBXBuildFile; fileRef = FA5882B61E38C0F100913AE6 /* EncryptionTests.swift */; };
		FA5908AE1E363E4E0035E658 /* Zip.framework in Frameworks */ = {isa = PBXBuildFile; fileRef = FA5908AD1E363E4E0035E658 /* Zip.framework */; };
		FA6106B5207D079B007969BB /* BlePeripheralManager.swift in Sources */ = {isa = PBXBuildFile; fileRef = FA6106B4207D079B007969BB /* BlePeripheralManager.swift */; };
		FA6E8F8D2015FAE7004C3E8A /* PacketTests.swift in Sources */ = {isa = PBXBuildFile; fileRef = FA6E8F8C2015FAE7004C3E8A /* PacketTests.swift */; };
		FA7065D92003AE4600C833FE /* ScanResponse.swift in Sources */ = {isa = PBXBuildFile; fileRef = FA7065D82003AE4600C833FE /* ScanResponse.swift */; };
		FA7065DC2003AE8F00C833FE /* opCode1.swift in Sources */ = {isa = PBXBuildFile; fileRef = FA7065DB2003AE8F00C833FE /* opCode1.swift */; };
		FA7065DE2003AE9D00C833FE /* opCode2.swift in Sources */ = {isa = PBXBuildFile; fileRef = FA7065DD2003AE9D00C833FE /* opCode2.swift */; };
		FA7065E02003AEA500C833FE /* opCode3.swift in Sources */ = {isa = PBXBuildFile; fileRef = FA7065DF2003AEA500C833FE /* opCode3.swift */; };
		FA7065E32003BD3D00C833FE /* opCode3_type1.swift in Sources */ = {isa = PBXBuildFile; fileRef = FA7065E22003BD3D00C833FE /* opCode3_type1.swift */; };
		FA7065E52003BD4700C833FE /* opCode3_type2.swift in Sources */ = {isa = PBXBuildFile; fileRef = FA7065E42003BD4700C833FE /* opCode3_type2.swift */; };
		FA7065E72003BD5300C833FE /* opCode3_type0.swift in Sources */ = {isa = PBXBuildFile; fileRef = FA7065E62003BD5300C833FE /* opCode3_type0.swift */; };
		FA7065E92003BD6500C833FE /* opCode3_type3.swift in Sources */ = {isa = PBXBuildFile; fileRef = FA7065E82003BD6500C833FE /* opCode3_type3.swift */; };
		FA7065EB2003BD7300C833FE /* opCode4.swift in Sources */ = {isa = PBXBuildFile; fileRef = FA7065EA2003BD7300C833FE /* opCode4.swift */; };
		FA7065EE2003C9DC00C833FE /* AdvertisementTests.swift in Sources */ = {isa = PBXBuildFile; fileRef = FA7065ED2003C9DC00C833FE /* AdvertisementTests.swift */; };
		FA7065F32003DEC100C833FE /* opCode4_type0.swift in Sources */ = {isa = PBXBuildFile; fileRef = FA7065F22003DEC100C833FE /* opCode4_type0.swift */; };
		FA747B161E4B0FBA00255820 /* ControlPackets.swift in Sources */ = {isa = PBXBuildFile; fileRef = FA747B151E4B0FBA00255820 /* ControlPackets.swift */; };
		FA76EF2120976EDB0046DCDE /* ResultPacket.swift in Sources */ = {isa = PBXBuildFile; fileRef = FA76EF2020976EDB0046DCDE /* ResultPacket.swift */; };
		FA7BE69A1E4487B8009E633D /* MeshHandler.swift in Sources */ = {isa = PBXBuildFile; fileRef = FA7BE6991E4487B8009E633D /* MeshHandler.swift */; };
		FA7BE69E1E449287009E633D /* MeshPackets.swift in Sources */ = {isa = PBXBuildFile; fileRef = FA7BE69D1E449287009E633D /* MeshPackets.swift */; };
		FA843EFE21B6D3A600F633A3 /* BroadcastHandler.swift in Sources */ = {isa = PBXBuildFile; fileRef = FA843EFD21B6D3A600F633A3 /* BroadcastHandler.swift */; };
		FA843F0021B6D51800F633A3 /* BroadcastProtocol.swift in Sources */ = {isa = PBXBuildFile; fileRef = FA843EFF21B6D51800F633A3 /* BroadcastProtocol.swift */; };
		FA843F1C21B6DDD200F633A3 /* PeripheralStateManager.swift in Sources */ = {isa = PBXBuildFile; fileRef = FA843F1B21B6DDD200F633A3 /* PeripheralStateManager.swift */; };
		FA843F1E21B6E47800F633A3 /* BluenetErrors.swift in Sources */ = {isa = PBXBuildFile; fileRef = FA843F1D21B6E47800F633A3 /* BluenetErrors.swift */; };
		FA8A9E061F15007E002028F6 /* SchedulerPackets.swift in Sources */ = {isa = PBXBuildFile; fileRef = FA8A9E051F15007E002028F6 /* SchedulerPackets.swift */; };
		FA8AC2C821C939C5000C35C1 /* BluenetTimekeeper.swift in Sources */ = {isa = PBXBuildFile; fileRef = FA8AC2C721C939C5000C35C1 /* BluenetTimekeeper.swift */; };
		FA94D01821A6E62F00AB8331 /* Bluenet.swift in Sources */ = {isa = PBXBuildFile; fileRef = FA5882921E38C0F000913AE6 /* Bluenet.swift */; };
		FA94D01B21A6E62F00AB8331 /* BluenetCBDelegate.swift in Sources */ = {isa = PBXBuildFile; fileRef = FA0B813A1F94BB510090168B /* BluenetCBDelegate.swift */; };
		FA94D01C21A6E62F00AB8331 /* BluenetCBDelegateBackground.swift in Sources */ = {isa = PBXBuildFile; fileRef = FA0B813C1F94BC410090168B /* BluenetCBDelegateBackground.swift */; };
		FA94D01D21A6E62F00AB8331 /* BleManager.swift in Sources */ = {isa = PBXBuildFile; fileRef = FA58828A1E38C0F000913AE6 /* BleManager.swift */; };
		FA94D01E21A6E62F00AB8331 /* BlePeripheralManagerWatch.swift in Sources */ = {isa = PBXBuildFile; fileRef = FAA40BD72199D1F300ACF053 /* BlePeripheralManagerWatch.swift */; };
		FA94D02121A6E62F00AB8331 /* ControlPackets.swift in Sources */ = {isa = PBXBuildFile; fileRef = FA747B151E4B0FBA00255820 /* ControlPackets.swift */; };
		FA94D02221A6E62F00AB8331 /* ConfigHandler.swift in Sources */ = {isa = PBXBuildFile; fileRef = FA58828D1E38C0F000913AE6 /* ConfigHandler.swift */; };
		FA94D02321A6E62F00AB8331 /* ControlHandler.swift in Sources */ = {isa = PBXBuildFile; fileRef = FA58828E1E38C0F000913AE6 /* ControlHandler.swift */; };
		FA94D02421A6E62F00AB8331 /* DeviceHandler.swift in Sources */ = {isa = PBXBuildFile; fileRef = FA2261C01E55A7B9001D0262 /* DeviceHandler.swift */; };
		FA94D02621A6E62F00AB8331 /* MeshHandler.swift in Sources */ = {isa = PBXBuildFile; fileRef = FA7BE6991E4487B8009E633D /* MeshHandler.swift */; };
		FA94D02721A6E62F00AB8331 /* PowerHandler.swift in Sources */ = {isa = PBXBuildFile; fileRef = FA5882901E38C0F000913AE6 /* PowerHandler.swift */; };
		FA94D02821A6E62F00AB8331 /* SetupHandler.swift in Sources */ = {isa = PBXBuildFile; fileRef = FA5882911E38C0F000913AE6 /* SetupHandler.swift */; };
		FA94D02921A6E62F00AB8331 /* StateHandler.swift in Sources */ = {isa = PBXBuildFile; fileRef = FA3FC25A1ED3499C00DD2F76 /* StateHandler.swift */; };
		FA94D02A21A6E62F00AB8331 /* opCode4_type0.swift in Sources */ = {isa = PBXBuildFile; fileRef = FA7065F22003DEC100C833FE /* opCode4_type0.swift */; };
		FA94D02B21A6E62F00AB8331 /* opCode3_type0.swift in Sources */ = {isa = PBXBuildFile; fileRef = FA7065E62003BD5300C833FE /* opCode3_type0.swift */; };
		FA94D02C21A6E62F00AB8331 /* opCode3_type1.swift in Sources */ = {isa = PBXBuildFile; fileRef = FA7065E22003BD3D00C833FE /* opCode3_type1.swift */; };
		FA94D02D21A6E62F00AB8331 /* opCode3_type2.swift in Sources */ = {isa = PBXBuildFile; fileRef = FA7065E42003BD4700C833FE /* opCode3_type2.swift */; };
		FA94D02E21A6E62F00AB8331 /* opCode3_type3.swift in Sources */ = {isa = PBXBuildFile; fileRef = FA7065E82003BD6500C833FE /* opCode3_type3.swift */; };
		FA94D02F21A6E62F00AB8331 /* opCode1.swift in Sources */ = {isa = PBXBuildFile; fileRef = FA7065DB2003AE8F00C833FE /* opCode1.swift */; };
		FA94D03021A6E62F00AB8331 /* opCode2.swift in Sources */ = {isa = PBXBuildFile; fileRef = FA7065DD2003AE9D00C833FE /* opCode2.swift */; };
		FA94D03121A6E62F00AB8331 /* opCode3.swift in Sources */ = {isa = PBXBuildFile; fileRef = FA7065DF2003AEA500C833FE /* opCode3.swift */; };
		FA94D03221A6E62F00AB8331 /* opCode4.swift in Sources */ = {isa = PBXBuildFile; fileRef = FA7065EA2003BD7300C833FE /* opCode4.swift */; };
		FA94D03321A6E62F00AB8331 /* opCode5.swift in Sources */ = {isa = PBXBuildFile; fileRef = FA535A742076855000B6B793 /* opCode5.swift */; };
		FA94D03421A6E62F00AB8331 /* opCode6.swift in Sources */ = {isa = PBXBuildFile; fileRef = FA535A762076856400B6B793 /* opCode6.swift */; };
		FA94D03521A6E62F00AB8331 /* Advertisement.swift in Sources */ = {isa = PBXBuildFile; fileRef = FA5882981E38C0F000913AE6 /* Advertisement.swift */; };
		FA94D03621A6E62F00AB8331 /* ScanResponse.swift in Sources */ = {isa = PBXBuildFile; fileRef = FA7065D82003AE4600C833FE /* ScanResponse.swift */; };
		FA94D03821A6E62F00AB8331 /* AdvertisementValidator.swift in Sources */ = {isa = PBXBuildFile; fileRef = FA4B67902138414D0050CE9D /* AdvertisementValidator.swift */; };
		FA94D03921A6E62F00AB8331 /* CrownstoneContainer.swift in Sources */ = {isa = PBXBuildFile; fileRef = FA225EF221359C7900549058 /* CrownstoneContainer.swift */; };
		FA94D03A21A6E62F00AB8331 /* BluenetSettings.swift in Sources */ = {isa = PBXBuildFile; fileRef = FA58829A1E38C0F000913AE6 /* BluenetSettings.swift */; };
		FA94D03B21A6E62F00AB8331 /* CrownstoneErrors.swift in Sources */ = {isa = PBXBuildFile; fileRef = FA3FC25E1ED4346200DD2F76 /* CrownstoneErrors.swift */; };
		FA94D03C21A6E62F00AB8331 /* EncryptedPackage.swift in Sources */ = {isa = PBXBuildFile; fileRef = FA58829B1E38C0F000913AE6 /* EncryptedPackage.swift */; };
		FA94D03D21A6E62F00AB8331 /* Firmware.swift in Sources */ = {isa = PBXBuildFile; fileRef = FA58829C1E38C0F000913AE6 /* Firmware.swift */; };
		FA94D03F21A6E62F00AB8331 /* NearestItem.swift in Sources */ = {isa = PBXBuildFile; fileRef = FA58829E1E38C0F100913AE6 /* NearestItem.swift */; };
		FA94D04021A6E63000AB8331 /* PowerSamples.swift in Sources */ = {isa = PBXBuildFile; fileRef = FA58829F1E38C0F100913AE6 /* PowerSamples.swift */; };
		FA94D04121A6E63000AB8331 /* PromiseContainer.swift in Sources */ = {isa = PBXBuildFile; fileRef = FA5882A01E38C0F100913AE6 /* PromiseContainer.swift */; };
		FA94D04221A6E63000AB8331 /* ResultPacket.swift in Sources */ = {isa = PBXBuildFile; fileRef = FA76EF2020976EDB0046DCDE /* ResultPacket.swift */; };
		FA94D04421A6E63000AB8331 /* KeySet.swift in Sources */ = {isa = PBXBuildFile; fileRef = FA4B678E213839B60050CE9D /* KeySet.swift */; };
		FA94D04521A6E63000AB8331 /* EncryptionHandler.swift in Sources */ = {isa = PBXBuildFile; fileRef = FA5882A41E38C0F100913AE6 /* EncryptionHandler.swift */; };
		FA94D04621A6E63000AB8331 /* BlePackets.swift in Sources */ = {isa = PBXBuildFile; fileRef = FA5882A91E38C0F100913AE6 /* BlePackets.swift */; };
		FA94D04721A6E63000AB8331 /* MeshPackets.swift in Sources */ = {isa = PBXBuildFile; fileRef = FA7BE69D1E449287009E633D /* MeshPackets.swift */; };
		FA94D04821A6E63000AB8331 /* BluenetTypes.swift in Sources */ = {isa = PBXBuildFile; fileRef = FA5882AA1E38C0F100913AE6 /* BluenetTypes.swift */; };
		FA94D04921A6E63000AB8331 /* Characteristics.swift in Sources */ = {isa = PBXBuildFile; fileRef = FA5882AB1E38C0F100913AE6 /* Characteristics.swift */; };
		FA94D04A21A6E63000AB8331 /* Services.swift in Sources */ = {isa = PBXBuildFile; fileRef = FA5882AC1E38C0F100913AE6 /* Services.swift */; };
		FA94D04B21A6E63000AB8331 /* SchedulerPackets.swift in Sources */ = {isa = PBXBuildFile; fileRef = FA8A9E051F15007E002028F6 /* SchedulerPackets.swift */; };
		FA94D04C21A6E63000AB8331 /* WatchLogger.swift in Sources */ = {isa = PBXBuildFile; fileRef = FAA40BD52199CD9000ACF053 /* WatchLogger.swift */; };
		FA94D04D21A6E63000AB8331 /* Conversion.swift in Sources */ = {isa = PBXBuildFile; fileRef = FA5882AF1E38C0F100913AE6 /* Conversion.swift */; };
		FA94D04E21A6E63000AB8331 /* Eventbus.swift in Sources */ = {isa = PBXBuildFile; fileRef = FA5882B01E38C0F100913AE6 /* Eventbus.swift */; };
		FA94D04F21A6E63000AB8331 /* JSONUtils.swift in Sources */ = {isa = PBXBuildFile; fileRef = FA5882B11E38C0F100913AE6 /* JSONUtils.swift */; };
		FA94D05021A6E63000AB8331 /* NotificationMerger.swift in Sources */ = {isa = PBXBuildFile; fileRef = FA5882B21E38C0F100913AE6 /* NotificationMerger.swift */; };
		FA94D05121A6E63000AB8331 /* Util.swift in Sources */ = {isa = PBXBuildFile; fileRef = FA5882B31E38C0F100913AE6 /* Util.swift */; };
		FA94D05221A6E63000AB8331 /* Globals.swift in Sources */ = {isa = PBXBuildFile; fileRef = FA5882A51E38C0F100913AE6 /* Globals.swift */; };
		FA94D09021A71D1C00AB8331 /* CryptoSwift.framework in Frameworks */ = {isa = PBXBuildFile; fileRef = FA94D08421A71D0000AB8331 /* CryptoSwift.framework */; };
		FA94D09121A71D1C00AB8331 /* PromiseKit.framework in Frameworks */ = {isa = PBXBuildFile; fileRef = FA94D08621A71D0100AB8331 /* PromiseKit.framework */; };
		FA94D09221A71D1C00AB8331 /* SwiftyJSON.framework in Frameworks */ = {isa = PBXBuildFile; fileRef = FA94D08521A71D0100AB8331 /* SwiftyJSON.framework */; };
		FA94D09321A71D3A00AB8331 /* CryptoSwift.framework in Frameworks */ = {isa = PBXBuildFile; fileRef = FA2EEF771DA3FF9A0096B67F /* CryptoSwift.framework */; };
		FA94D09421A71D3A00AB8331 /* PromiseKit.framework in Frameworks */ = {isa = PBXBuildFile; fileRef = FA2EEF781DA3FF9A0096B67F /* PromiseKit.framework */; };
		FA94D09521A71D3A00AB8331 /* SwiftyJSON.framework in Frameworks */ = {isa = PBXBuildFile; fileRef = FA2EEF791DA3FF9A0096B67F /* SwiftyJSON.framework */; };
		FAA023EC21C275EF0059A64D /* BroadcastPackets.swift in Sources */ = {isa = PBXBuildFile; fileRef = FAA023EB21C275EF0059A64D /* BroadcastPackets.swift */; };
		FAA023EE21C2A3B10059A64D /* BroadcastBuffer.swift in Sources */ = {isa = PBXBuildFile; fileRef = FAA023ED21C2A3B10059A64D /* BroadcastBuffer.swift */; };
		FAA023F121C2A4D30059A64D /* BroadcastElement.swift in Sources */ = {isa = PBXBuildFile; fileRef = FAA023F021C2A4D30059A64D /* BroadcastElement.swift */; };
		FAA1381F21B8035800044CF7 /* TimeUtil.swift in Sources */ = {isa = PBXBuildFile; fileRef = FAA1381E21B8035800044CF7 /* TimeUtil.swift */; };
		FAA40BD92199D20A00ACF053 /* WatchLogger.swift in Sources */ = {isa = PBXBuildFile; fileRef = FAA40BD52199CD9000ACF053 /* WatchLogger.swift */; };
		FAAB602A21CBCD9700183587 /* BluenetErrors.swift in Sources */ = {isa = PBXBuildFile; fileRef = FA843F1D21B6E47800F633A3 /* BluenetErrors.swift */; };
		FAAB602B21CBCD9F00183587 /* TimeUtil.swift in Sources */ = {isa = PBXBuildFile; fileRef = FAA1381E21B8035800044CF7 /* TimeUtil.swift */; };
		FAAB602E21CBCDF300183587 /* PeripheralStateManager.swift in Sources */ = {isa = PBXBuildFile; fileRef = FA843F1B21B6DDD200F633A3 /* PeripheralStateManager.swift */; };
		FAAB602F21CBCE0000183587 /* BroadcastPackets.swift in Sources */ = {isa = PBXBuildFile; fileRef = FAA023EB21C275EF0059A64D /* BroadcastPackets.swift */; };
		FAAB603021CBCE0200183587 /* BroadcastProtocol.swift in Sources */ = {isa = PBXBuildFile; fileRef = FA843EFF21B6D51800F633A3 /* BroadcastProtocol.swift */; };
		FAAB603121CBCE1800183587 /* BroadcastBuffer.swift in Sources */ = {isa = PBXBuildFile; fileRef = FAA023ED21C2A3B10059A64D /* BroadcastBuffer.swift */; };
		FAAB603221CBCE1B00183587 /* BroadcastElement.swift in Sources */ = {isa = PBXBuildFile; fileRef = FAA023F021C2A4D30059A64D /* BroadcastElement.swift */; };
		FAAB603321CBCE3800183587 /* BroadcastHandler.swift in Sources */ = {isa = PBXBuildFile; fileRef = FA843EFD21B6D3A600F633A3 /* BroadcastHandler.swift */; };
		FAD2AFD72189F85D00458520 /* BluenetWatch.h in Headers */ = {isa = PBXBuildFile; fileRef = FAD2AFD52189F85D00458520 /* BluenetWatch.h */; settings = {ATTRIBUTES = (Public, ); }; };
		FADA183D21CA7E6C0066DF9F /* RC5.swift in Sources */ = {isa = PBXBuildFile; fileRef = FADA183C21CA7E6C0066DF9F /* RC5.swift */; };
		FADA183E21CA7E6C0066DF9F /* RC5.swift in Sources */ = {isa = PBXBuildFile; fileRef = FADA183C21CA7E6C0066DF9F /* RC5.swift */; };
		FADB742122D3798100DCB92B /* BleUtil.swift in Sources */ = {isa = PBXBuildFile; fileRef = FA29280422C110BD004ABB5E /* BleUtil.swift */; };
		FAE862621CF4B3830027539D /* Cartfile in Resources */ = {isa = PBXBuildFile; fileRef = FAE862611CF4B3830027539D /* Cartfile */; };
/* End PBXBuildFile section */

/* Begin PBXContainerItemProxy section */
		FA3C18851CBBDA6B00A11CF7 /* PBXContainerItemProxy */ = {
			isa = PBXContainerItemProxy;
			containerPortal = FA3C18701CBBDA6B00A11CF7 /* Project object */;
			proxyType = 1;
			remoteGlobalIDString = FA3C18781CBBDA6B00A11CF7;
			remoteInfo = BluenetLibIOS;
		};
/* End PBXContainerItemProxy section */

/* Begin PBXFileReference section */
		FA0B813A1F94BB510090168B /* BluenetCBDelegate.swift */ = {isa = PBXFileReference; lastKnownFileType = sourcecode.swift; path = BluenetCBDelegate.swift; sourceTree = "<group>"; };
		FA0B813C1F94BC410090168B /* BluenetCBDelegateBackground.swift */ = {isa = PBXFileReference; lastKnownFileType = sourcecode.swift; path = BluenetCBDelegateBackground.swift; sourceTree = "<group>"; };
		FA1F799E21A328CF00E05F31 /* Watch.swift */ = {isa = PBXFileReference; lastKnownFileType = sourcecode.swift; path = Watch.swift; sourceTree = "<group>"; };
		FA225EF221359C7900549058 /* CrownstoneContainer.swift */ = {isa = PBXFileReference; lastKnownFileType = sourcecode.swift; path = CrownstoneContainer.swift; sourceTree = "<group>"; };
		FA2261C01E55A7B9001D0262 /* DeviceHandler.swift */ = {isa = PBXFileReference; fileEncoding = 4; lastKnownFileType = sourcecode.swift; path = DeviceHandler.swift; sourceTree = "<group>"; };
		FA29280422C110BD004ABB5E /* BleUtil.swift */ = {isa = PBXFileReference; lastKnownFileType = sourcecode.swift; path = BleUtil.swift; sourceTree = "<group>"; };
		FA2D0F6D1E1BFD88006A8260 /* iOSDFULibrary.framework */ = {isa = PBXFileReference; lastKnownFileType = wrapper.framework; name = iOSDFULibrary.framework; path = Carthage/Build/iOS/iOSDFULibrary.framework; sourceTree = "<group>"; };
		FA2EEF771DA3FF9A0096B67F /* CryptoSwift.framework */ = {isa = PBXFileReference; lastKnownFileType = wrapper.framework; name = CryptoSwift.framework; path = Carthage/Build/iOS/CryptoSwift.framework; sourceTree = "<group>"; };
		FA2EEF781DA3FF9A0096B67F /* PromiseKit.framework */ = {isa = PBXFileReference; lastKnownFileType = wrapper.framework; name = PromiseKit.framework; path = Carthage/Build/iOS/PromiseKit.framework; sourceTree = "<group>"; };
		FA2EEF791DA3FF9A0096B67F /* SwiftyJSON.framework */ = {isa = PBXFileReference; lastKnownFileType = wrapper.framework; name = SwiftyJSON.framework; path = Carthage/Build/iOS/SwiftyJSON.framework; sourceTree = "<group>"; };
		FA3C18791CBBDA6B00A11CF7 /* BluenetLib.framework */ = {isa = PBXFileReference; explicitFileType = wrapper.framework; includeInIndex = 0; path = BluenetLib.framework; sourceTree = BUILT_PRODUCTS_DIR; };
		FA3C18831CBBDA6B00A11CF7 /* BluenetLibTests.xctest */ = {isa = PBXFileReference; explicitFileType = wrapper.cfbundle; includeInIndex = 0; path = BluenetLibTests.xctest; sourceTree = BUILT_PRODUCTS_DIR; };
		FA3FC25A1ED3499C00DD2F76 /* StateHandler.swift */ = {isa = PBXFileReference; fileEncoding = 4; lastKnownFileType = sourcecode.swift; path = StateHandler.swift; sourceTree = "<group>"; };
		FA3FC25C1ED34DEF00DD2F76 /* ConversionTests.swift */ = {isa = PBXFileReference; fileEncoding = 4; lastKnownFileType = sourcecode.swift; path = ConversionTests.swift; sourceTree = "<group>"; };
		FA3FC25E1ED4346200DD2F76 /* CrownstoneErrors.swift */ = {isa = PBXFileReference; fileEncoding = 4; lastKnownFileType = sourcecode.swift; path = CrownstoneErrors.swift; sourceTree = "<group>"; };
		FA4B678E213839B60050CE9D /* KeySet.swift */ = {isa = PBXFileReference; lastKnownFileType = sourcecode.swift; path = KeySet.swift; sourceTree = "<group>"; };
		FA4B67902138414D0050CE9D /* AdvertisementValidator.swift */ = {isa = PBXFileReference; lastKnownFileType = sourcecode.swift; path = AdvertisementValidator.swift; sourceTree = "<group>"; };
		FA535A742076855000B6B793 /* opCode5.swift */ = {isa = PBXFileReference; lastKnownFileType = sourcecode.swift; path = opCode5.swift; sourceTree = "<group>"; };
		FA535A762076856400B6B793 /* opCode6.swift */ = {isa = PBXFileReference; lastKnownFileType = sourcecode.swift; path = opCode6.swift; sourceTree = "<group>"; };
		FA58828A1E38C0F000913AE6 /* BleManager.swift */ = {isa = PBXFileReference; fileEncoding = 4; lastKnownFileType = sourcecode.swift; path = BleManager.swift; sourceTree = "<group>"; };
		FA58828B1E38C0F000913AE6 /* LocationManager.swift */ = {isa = PBXFileReference; fileEncoding = 4; lastKnownFileType = sourcecode.swift; path = LocationManager.swift; sourceTree = "<group>"; };
		FA58828D1E38C0F000913AE6 /* ConfigHandler.swift */ = {isa = PBXFileReference; fileEncoding = 4; lastKnownFileType = sourcecode.swift; path = ConfigHandler.swift; sourceTree = "<group>"; };
		FA58828E1E38C0F000913AE6 /* ControlHandler.swift */ = {isa = PBXFileReference; fileEncoding = 4; lastKnownFileType = sourcecode.swift; path = ControlHandler.swift; sourceTree = "<group>"; };
		FA58828F1E38C0F000913AE6 /* DfuHandler.swift */ = {isa = PBXFileReference; fileEncoding = 4; lastKnownFileType = sourcecode.swift; path = DfuHandler.swift; sourceTree = "<group>"; };
		FA5882901E38C0F000913AE6 /* PowerHandler.swift */ = {isa = PBXFileReference; fileEncoding = 4; lastKnownFileType = sourcecode.swift; path = PowerHandler.swift; sourceTree = "<group>"; };
		FA5882911E38C0F000913AE6 /* SetupHandler.swift */ = {isa = PBXFileReference; fileEncoding = 4; lastKnownFileType = sourcecode.swift; path = SetupHandler.swift; sourceTree = "<group>"; };
		FA5882921E38C0F000913AE6 /* Bluenet.swift */ = {isa = PBXFileReference; fileEncoding = 4; lastKnownFileType = sourcecode.swift; path = Bluenet.swift; sourceTree = "<group>"; };
		FA5882931E38C0F000913AE6 /* BluenetLib.h */ = {isa = PBXFileReference; fileEncoding = 4; lastKnownFileType = sourcecode.c.h; path = BluenetLib.h; sourceTree = "<group>"; };
		FA5882941E38C0F000913AE6 /* BluenetLocalization.swift */ = {isa = PBXFileReference; fileEncoding = 4; lastKnownFileType = sourcecode.swift; path = BluenetLocalization.swift; sourceTree = "<group>"; };
		FA5882951E38C0F000913AE6 /* BluenetMotion.swift */ = {isa = PBXFileReference; fileEncoding = 4; lastKnownFileType = sourcecode.swift; path = BluenetMotion.swift; sourceTree = "<group>"; };
		FA5882981E38C0F000913AE6 /* Advertisement.swift */ = {isa = PBXFileReference; fileEncoding = 4; lastKnownFileType = sourcecode.swift; path = Advertisement.swift; sourceTree = "<group>"; };
		FA58829A1E38C0F000913AE6 /* BluenetSettings.swift */ = {isa = PBXFileReference; fileEncoding = 4; lastKnownFileType = sourcecode.swift; path = BluenetSettings.swift; sourceTree = "<group>"; };
		FA58829B1E38C0F000913AE6 /* EncryptedPackage.swift */ = {isa = PBXFileReference; fileEncoding = 4; lastKnownFileType = sourcecode.swift; path = EncryptedPackage.swift; sourceTree = "<group>"; };
		FA58829C1E38C0F000913AE6 /* Firmware.swift */ = {isa = PBXFileReference; fileEncoding = 4; lastKnownFileType = sourcecode.swift; path = Firmware.swift; sourceTree = "<group>"; };
		FA58829D1E38C0F000913AE6 /* iBeaconContainers.swift */ = {isa = PBXFileReference; fileEncoding = 4; lastKnownFileType = sourcecode.swift; path = iBeaconContainers.swift; sourceTree = "<group>"; };
		FA58829E1E38C0F100913AE6 /* NearestItem.swift */ = {isa = PBXFileReference; fileEncoding = 4; lastKnownFileType = sourcecode.swift; path = NearestItem.swift; sourceTree = "<group>"; };
		FA58829F1E38C0F100913AE6 /* PowerSamples.swift */ = {isa = PBXFileReference; fileEncoding = 4; lastKnownFileType = sourcecode.swift; path = PowerSamples.swift; sourceTree = "<group>"; };
		FA5882A01E38C0F100913AE6 /* PromiseContainer.swift */ = {isa = PBXFileReference; fileEncoding = 4; lastKnownFileType = sourcecode.swift; path = PromiseContainer.swift; sourceTree = "<group>"; };
		FA5882A21E38C0F100913AE6 /* TrainingData.swift */ = {isa = PBXFileReference; fileEncoding = 4; lastKnownFileType = sourcecode.swift; path = TrainingData.swift; sourceTree = "<group>"; };
		FA5882A41E38C0F100913AE6 /* EncryptionHandler.swift */ = {isa = PBXFileReference; fileEncoding = 4; lastKnownFileType = sourcecode.swift; path = EncryptionHandler.swift; sourceTree = "<group>"; };
		FA5882A51E38C0F100913AE6 /* Globals.swift */ = {isa = PBXFileReference; fileEncoding = 4; lastKnownFileType = sourcecode.swift; path = Globals.swift; sourceTree = "<group>"; };
		FA5882A61E38C0F100913AE6 /* Info.plist */ = {isa = PBXFileReference; fileEncoding = 4; lastKnownFileType = text.plist.xml; path = Info.plist; sourceTree = "<group>"; };
		FA5882A91E38C0F100913AE6 /* BlePackets.swift */ = {isa = PBXFileReference; fileEncoding = 4; lastKnownFileType = sourcecode.swift; path = BlePackets.swift; sourceTree = "<group>"; };
		FA5882AA1E38C0F100913AE6 /* BluenetTypes.swift */ = {isa = PBXFileReference; fileEncoding = 4; lastKnownFileType = sourcecode.swift; path = BluenetTypes.swift; sourceTree = "<group>"; };
		FA5882AB1E38C0F100913AE6 /* Characteristics.swift */ = {isa = PBXFileReference; fileEncoding = 4; lastKnownFileType = sourcecode.swift; path = Characteristics.swift; sourceTree = "<group>"; };
		FA5882AC1E38C0F100913AE6 /* Services.swift */ = {isa = PBXFileReference; fileEncoding = 4; lastKnownFileType = sourcecode.swift; path = Services.swift; sourceTree = "<group>"; };
		FA5882AD1E38C0F100913AE6 /* TrainingHelper.swift */ = {isa = PBXFileReference; fileEncoding = 4; lastKnownFileType = sourcecode.swift; path = TrainingHelper.swift; sourceTree = "<group>"; };
		FA5882AF1E38C0F100913AE6 /* Conversion.swift */ = {isa = PBXFileReference; fileEncoding = 4; lastKnownFileType = sourcecode.swift; path = Conversion.swift; sourceTree = "<group>"; };
		FA5882B01E38C0F100913AE6 /* Eventbus.swift */ = {isa = PBXFileReference; fileEncoding = 4; lastKnownFileType = sourcecode.swift; path = Eventbus.swift; sourceTree = "<group>"; };
		FA5882B11E38C0F100913AE6 /* JSONUtils.swift */ = {isa = PBXFileReference; fileEncoding = 4; lastKnownFileType = sourcecode.swift; path = JSONUtils.swift; sourceTree = "<group>"; };
		FA5882B21E38C0F100913AE6 /* NotificationMerger.swift */ = {isa = PBXFileReference; fileEncoding = 4; lastKnownFileType = sourcecode.swift; path = NotificationMerger.swift; sourceTree = "<group>"; };
		FA5882B31E38C0F100913AE6 /* Util.swift */ = {isa = PBXFileReference; fileEncoding = 4; lastKnownFileType = sourcecode.swift; path = Util.swift; sourceTree = "<group>"; };
		FA5882B51E38C0F100913AE6 /* BluenetLibTests.swift */ = {isa = PBXFileReference; fileEncoding = 4; lastKnownFileType = sourcecode.swift; path = BluenetLibTests.swift; sourceTree = "<group>"; };
		FA5882B61E38C0F100913AE6 /* EncryptionTests.swift */ = {isa = PBXFileReference; fileEncoding = 4; lastKnownFileType = sourcecode.swift; path = EncryptionTests.swift; sourceTree = "<group>"; };
		FA5882B71E38C0F100913AE6 /* Info.plist */ = {isa = PBXFileReference; fileEncoding = 4; lastKnownFileType = text.plist.xml; path = Info.plist; sourceTree = "<group>"; };
		FA5882E11E38C10600913AE6 /* BluenetShared.framework */ = {isa = PBXFileReference; lastKnownFileType = wrapper.framework; name = BluenetShared.framework; path = Carthage/Build/iOS/BluenetShared.framework; sourceTree = "<group>"; };
		FA5908AD1E363E4E0035E658 /* Zip.framework */ = {isa = PBXFileReference; lastKnownFileType = wrapper.framework; name = Zip.framework; path = Carthage/Build/iOS/Zip.framework; sourceTree = "<group>"; };
		FA6106B4207D079B007969BB /* BlePeripheralManager.swift */ = {isa = PBXFileReference; lastKnownFileType = sourcecode.swift; path = BlePeripheralManager.swift; sourceTree = "<group>"; };
		FA6E8F8C2015FAE7004C3E8A /* PacketTests.swift */ = {isa = PBXFileReference; lastKnownFileType = sourcecode.swift; path = PacketTests.swift; sourceTree = "<group>"; };
		FA7065D82003AE4600C833FE /* ScanResponse.swift */ = {isa = PBXFileReference; lastKnownFileType = sourcecode.swift; path = ScanResponse.swift; sourceTree = "<group>"; };
		FA7065DB2003AE8F00C833FE /* opCode1.swift */ = {isa = PBXFileReference; lastKnownFileType = sourcecode.swift; path = opCode1.swift; sourceTree = "<group>"; };
		FA7065DD2003AE9D00C833FE /* opCode2.swift */ = {isa = PBXFileReference; lastKnownFileType = sourcecode.swift; path = opCode2.swift; sourceTree = "<group>"; };
		FA7065DF2003AEA500C833FE /* opCode3.swift */ = {isa = PBXFileReference; lastKnownFileType = sourcecode.swift; path = opCode3.swift; sourceTree = "<group>"; };
		FA7065E22003BD3D00C833FE /* opCode3_type1.swift */ = {isa = PBXFileReference; lastKnownFileType = sourcecode.swift; path = opCode3_type1.swift; sourceTree = "<group>"; };
		FA7065E42003BD4700C833FE /* opCode3_type2.swift */ = {isa = PBXFileReference; lastKnownFileType = sourcecode.swift; path = opCode3_type2.swift; sourceTree = "<group>"; };
		FA7065E62003BD5300C833FE /* opCode3_type0.swift */ = {isa = PBXFileReference; lastKnownFileType = sourcecode.swift; path = opCode3_type0.swift; sourceTree = "<group>"; };
		FA7065E82003BD6500C833FE /* opCode3_type3.swift */ = {isa = PBXFileReference; lastKnownFileType = sourcecode.swift; path = opCode3_type3.swift; sourceTree = "<group>"; };
		FA7065EA2003BD7300C833FE /* opCode4.swift */ = {isa = PBXFileReference; lastKnownFileType = sourcecode.swift; path = opCode4.swift; sourceTree = "<group>"; };
		FA7065ED2003C9DC00C833FE /* AdvertisementTests.swift */ = {isa = PBXFileReference; lastKnownFileType = sourcecode.swift; path = AdvertisementTests.swift; sourceTree = "<group>"; };
		FA7065F22003DEC100C833FE /* opCode4_type0.swift */ = {isa = PBXFileReference; lastKnownFileType = sourcecode.swift; path = opCode4_type0.swift; sourceTree = "<group>"; };
		FA747B151E4B0FBA00255820 /* ControlPackets.swift */ = {isa = PBXFileReference; fileEncoding = 4; lastKnownFileType = sourcecode.swift; path = ControlPackets.swift; sourceTree = "<group>"; };
		FA76EF2020976EDB0046DCDE /* ResultPacket.swift */ = {isa = PBXFileReference; lastKnownFileType = sourcecode.swift; path = ResultPacket.swift; sourceTree = "<group>"; };
		FA79874E1DF6B3380005EB86 /* BluenetLib.md */ = {isa = PBXFileReference; lastKnownFileType = net.daringfireball.markdown; path = BluenetLib.md; sourceTree = "<group>"; };
		FA79874F1DF6B3380005EB86 /* BluenetLocalizationLib.md */ = {isa = PBXFileReference; lastKnownFileType = net.daringfireball.markdown; path = BluenetLocalizationLib.md; sourceTree = "<group>"; };
		FA7BE6991E4487B8009E633D /* MeshHandler.swift */ = {isa = PBXFileReference; fileEncoding = 4; lastKnownFileType = sourcecode.swift; path = MeshHandler.swift; sourceTree = "<group>"; };
		FA7BE69D1E449287009E633D /* MeshPackets.swift */ = {isa = PBXFileReference; fileEncoding = 4; lastKnownFileType = sourcecode.swift; path = MeshPackets.swift; sourceTree = "<group>"; };
		FA843EFD21B6D3A600F633A3 /* BroadcastHandler.swift */ = {isa = PBXFileReference; lastKnownFileType = sourcecode.swift; path = BroadcastHandler.swift; sourceTree = "<group>"; };
		FA843EFF21B6D51800F633A3 /* BroadcastProtocol.swift */ = {isa = PBXFileReference; lastKnownFileType = sourcecode.swift; path = BroadcastProtocol.swift; sourceTree = "<group>"; };
		FA843F1B21B6DDD200F633A3 /* PeripheralStateManager.swift */ = {isa = PBXFileReference; lastKnownFileType = sourcecode.swift; path = PeripheralStateManager.swift; sourceTree = "<group>"; };
		FA843F1D21B6E47800F633A3 /* BluenetErrors.swift */ = {isa = PBXFileReference; lastKnownFileType = sourcecode.swift; path = BluenetErrors.swift; sourceTree = "<group>"; };
		FA8A9E051F15007E002028F6 /* SchedulerPackets.swift */ = {isa = PBXFileReference; fileEncoding = 4; lastKnownFileType = sourcecode.swift; path = SchedulerPackets.swift; sourceTree = "<group>"; };
		FA8AC2C721C939C5000C35C1 /* BluenetTimekeeper.swift */ = {isa = PBXFileReference; lastKnownFileType = sourcecode.swift; path = BluenetTimekeeper.swift; sourceTree = "<group>"; };
		FA94D08421A71D0000AB8331 /* CryptoSwift.framework */ = {isa = PBXFileReference; lastKnownFileType = wrapper.framework; name = CryptoSwift.framework; path = Carthage/Build/watchOS/CryptoSwift.framework; sourceTree = "<group>"; };
		FA94D08521A71D0100AB8331 /* SwiftyJSON.framework */ = {isa = PBXFileReference; lastKnownFileType = wrapper.framework; name = SwiftyJSON.framework; path = Carthage/Build/watchOS/SwiftyJSON.framework; sourceTree = "<group>"; };
		FA94D08621A71D0100AB8331 /* PromiseKit.framework */ = {isa = PBXFileReference; lastKnownFileType = wrapper.framework; name = PromiseKit.framework; path = Carthage/Build/watchOS/PromiseKit.framework; sourceTree = "<group>"; };
		FAA023EB21C275EF0059A64D /* BroadcastPackets.swift */ = {isa = PBXFileReference; lastKnownFileType = sourcecode.swift; path = BroadcastPackets.swift; sourceTree = "<group>"; };
		FAA023ED21C2A3B10059A64D /* BroadcastBuffer.swift */ = {isa = PBXFileReference; lastKnownFileType = sourcecode.swift; path = BroadcastBuffer.swift; sourceTree = "<group>"; };
		FAA023F021C2A4D30059A64D /* BroadcastElement.swift */ = {isa = PBXFileReference; lastKnownFileType = sourcecode.swift; path = BroadcastElement.swift; sourceTree = "<group>"; };
		FAA1381E21B8035800044CF7 /* TimeUtil.swift */ = {isa = PBXFileReference; lastKnownFileType = sourcecode.swift; path = TimeUtil.swift; sourceTree = "<group>"; };
		FAA40BD52199CD9000ACF053 /* WatchLogger.swift */ = {isa = PBXFileReference; lastKnownFileType = sourcecode.swift; path = WatchLogger.swift; sourceTree = "<group>"; };
		FAA40BD72199D1F300ACF053 /* BlePeripheralManagerWatch.swift */ = {isa = PBXFileReference; lastKnownFileType = sourcecode.swift; path = BlePeripheralManagerWatch.swift; sourceTree = "<group>"; };
		FAD2AFD32189F85D00458520 /* BluenetWatch.framework */ = {isa = PBXFileReference; explicitFileType = wrapper.framework; includeInIndex = 0; path = BluenetWatch.framework; sourceTree = BUILT_PRODUCTS_DIR; };
		FAD2AFD52189F85D00458520 /* BluenetWatch.h */ = {isa = PBXFileReference; lastKnownFileType = sourcecode.c.h; path = BluenetWatch.h; sourceTree = "<group>"; };
		FAD2AFD62189F85D00458520 /* Info.plist */ = {isa = PBXFileReference; lastKnownFileType = text.plist.xml; path = Info.plist; sourceTree = "<group>"; };
		FADA183C21CA7E6C0066DF9F /* RC5.swift */ = {isa = PBXFileReference; lastKnownFileType = sourcecode.swift; path = RC5.swift; sourceTree = "<group>"; };
		FAE862611CF4B3830027539D /* Cartfile */ = {isa = PBXFileReference; fileEncoding = 4; lastKnownFileType = text; path = Cartfile; sourceTree = "<group>"; };
		FAE9371D1D14453000945989 /* README.md */ = {isa = PBXFileReference; fileEncoding = 4; lastKnownFileType = net.daringfireball.markdown; path = README.md; sourceTree = "<group>"; };
/* End PBXFileReference section */

/* Begin PBXFrameworksBuildPhase section */
		FA3C18751CBBDA6B00A11CF7 /* Frameworks */ = {
			isa = PBXFrameworksBuildPhase;
			buildActionMask = 2147483647;
			files = (
				FA2D0F6E1E1BFD88006A8260 /* iOSDFULibrary.framework in Frameworks */,
				FA5882E21E38C10600913AE6 /* BluenetShared.framework in Frameworks */,
				FA5908AE1E363E4E0035E658 /* Zip.framework in Frameworks */,
				FA94D09321A71D3A00AB8331 /* CryptoSwift.framework in Frameworks */,
				FA94D09421A71D3A00AB8331 /* PromiseKit.framework in Frameworks */,
				FA94D09521A71D3A00AB8331 /* SwiftyJSON.framework in Frameworks */,
			);
			runOnlyForDeploymentPostprocessing = 0;
		};
		FA3C18801CBBDA6B00A11CF7 /* Frameworks */ = {
			isa = PBXFrameworksBuildPhase;
			buildActionMask = 2147483647;
			files = (
				FA2DCB681DD0C99300D5A893 /* BluenetLib.framework in Frameworks */,
			);
			runOnlyForDeploymentPostprocessing = 0;
		};
		FAD2AFD02189F85D00458520 /* Frameworks */ = {
			isa = PBXFrameworksBuildPhase;
			buildActionMask = 2147483647;
			files = (
				FA94D09021A71D1C00AB8331 /* CryptoSwift.framework in Frameworks */,
				FA94D09121A71D1C00AB8331 /* PromiseKit.framework in Frameworks */,
				FA94D09221A71D1C00AB8331 /* SwiftyJSON.framework in Frameworks */,
			);
			runOnlyForDeploymentPostprocessing = 0;
		};
/* End PBXFrameworksBuildPhase section */

/* Begin PBXGroup section */
		FA0B81391F94BB2D0090168B /* Delegates */ = {
			isa = PBXGroup;
			children = (
				FA0B813A1F94BB510090168B /* BluenetCBDelegate.swift */,
				FA0B813C1F94BC410090168B /* BluenetCBDelegateBackground.swift */,
			);
			path = Delegates;
			sourceTree = "<group>";
		};
		FA3C186F1CBBDA6B00A11CF7 = {
			isa = PBXGroup;
			children = (
				FA5882E11E38C10600913AE6 /* BluenetShared.framework */,
				FA5908AD1E363E4E0035E658 /* Zip.framework */,
				FA2D0F6D1E1BFD88006A8260 /* iOSDFULibrary.framework */,
				FA2EEF771DA3FF9A0096B67F /* CryptoSwift.framework */,
				FA2EEF781DA3FF9A0096B67F /* PromiseKit.framework */,
				FA2EEF791DA3FF9A0096B67F /* SwiftyJSON.framework */,
				FA5882881E38C0F000913AE6 /* BluenetLib */,
				FA5882B41E38C0F100913AE6 /* BluenetLibTests */,
				FA94D08421A71D0000AB8331 /* CryptoSwift.framework */,
				FA94D08621A71D0100AB8331 /* PromiseKit.framework */,
				FA94D08521A71D0100AB8331 /* SwiftyJSON.framework */,
				FAD2AFD42189F85D00458520 /* BluenetWatch */,
				FA3C187A1CBBDA6B00A11CF7 /* Products */,
				FAE862611CF4B3830027539D /* Cartfile */,
				FA79874E1DF6B3380005EB86 /* BluenetLib.md */,
				FA79874F1DF6B3380005EB86 /* BluenetLocalizationLib.md */,
				FAE9371D1D14453000945989 /* README.md */,
				FAD2B0582189F92000458520 /* Frameworks */,
			);
			sourceTree = "<group>";
		};
		FA3C187A1CBBDA6B00A11CF7 /* Products */ = {
			isa = PBXGroup;
			children = (
				FA3C18791CBBDA6B00A11CF7 /* BluenetLib.framework */,
				FA3C18831CBBDA6B00A11CF7 /* BluenetLibTests.xctest */,
				FAD2AFD32189F85D00458520 /* BluenetWatch.framework */,
			);
			name = Products;
			sourceTree = "<group>";
		};
		FA5882881E38C0F000913AE6 /* BluenetLib */ = {
			isa = PBXGroup;
			children = (
				FA5882921E38C0F000913AE6 /* Bluenet.swift */,
				FA5882941E38C0F000913AE6 /* BluenetLocalization.swift */,
				FA5882951E38C0F000913AE6 /* BluenetMotion.swift */,
				FA8AC2C721C939C5000C35C1 /* BluenetTimekeeper.swift */,
				FA843F1D21B6E47800F633A3 /* BluenetErrors.swift */,
				FA5882891E38C0F000913AE6 /* backend */,
				FA5882971E38C0F000913AE6 /* containerClasses */,
				FA5882A31E38C0F100913AE6 /* encryption */,
				FA5882A81E38C0F100913AE6 /* protocol */,
				FA5882AE1E38C0F100913AE6 /* util */,
				FA5882931E38C0F000913AE6 /* BluenetLib.h */,
				FA5882A61E38C0F100913AE6 /* Info.plist */,
				FA5882A51E38C0F100913AE6 /* Globals.swift */,
				FA5882AD1E38C0F100913AE6 /* TrainingHelper.swift */,
			);
			path = BluenetLib;
			sourceTree = "<group>";
		};
		FA5882891E38C0F000913AE6 /* backend */ = {
			isa = PBXGroup;
			children = (
				FA0B81391F94BB2D0090168B /* Delegates */,
				FA58828A1E38C0F000913AE6 /* BleManager.swift */,
				FAA40BD72199D1F300ACF053 /* BlePeripheralManagerWatch.swift */,
				FA6106B4207D079B007969BB /* BlePeripheralManager.swift */,
				FA58828B1E38C0F000913AE6 /* LocationManager.swift */,
				FA843F1B21B6DDD200F633A3 /* PeripheralStateManager.swift */,
				FA747B141E4B0FBA00255820 /* packetGenerators */,
				FA58828C1E38C0F000913AE6 /* serviceImplementations */,
			);
			path = backend;
			sourceTree = "<group>";
		};
		FA58828C1E38C0F000913AE6 /* serviceImplementations */ = {
			isa = PBXGroup;
			children = (
				FA843EFD21B6D3A600F633A3 /* BroadcastHandler.swift */,
				FA58828D1E38C0F000913AE6 /* ConfigHandler.swift */,
				FA58828E1E38C0F000913AE6 /* ControlHandler.swift */,
				FA2261C01E55A7B9001D0262 /* DeviceHandler.swift */,
				FA58828F1E38C0F000913AE6 /* DfuHandler.swift */,
				FA7BE6991E4487B8009E633D /* MeshHandler.swift */,
				FA5882901E38C0F000913AE6 /* PowerHandler.swift */,
				FA5882911E38C0F000913AE6 /* SetupHandler.swift */,
				FA3FC25A1ED3499C00DD2F76 /* StateHandler.swift */,
			);
			path = serviceImplementations;
			sourceTree = "<group>";
		};
		FA5882971E38C0F000913AE6 /* containerClasses */ = {
			isa = PBXGroup;
			children = (
				FAA023EF21C2A4BB0059A64D /* Broadcast */,
				FA7065DA2003AE6A00C833FE /* Advertisements */,
				FA4B67902138414D0050CE9D /* AdvertisementValidator.swift */,
				FA58829A1E38C0F000913AE6 /* BluenetSettings.swift */,
				FA225EF221359C7900549058 /* CrownstoneContainer.swift */,
				FA3FC25E1ED4346200DD2F76 /* CrownstoneErrors.swift */,
				FA58829B1E38C0F000913AE6 /* EncryptedPackage.swift */,
				FA58829C1E38C0F000913AE6 /* Firmware.swift */,
				FA58829D1E38C0F000913AE6 /* iBeaconContainers.swift */,
				FA58829E1E38C0F100913AE6 /* NearestItem.swift */,
				FA58829F1E38C0F100913AE6 /* PowerSamples.swift */,
				FA5882A01E38C0F100913AE6 /* PromiseContainer.swift */,
				FA76EF2020976EDB0046DCDE /* ResultPacket.swift */,
				FA5882A21E38C0F100913AE6 /* TrainingData.swift */,
				FA4B678E213839B60050CE9D /* KeySet.swift */,
			);
			path = containerClasses;
			sourceTree = "<group>";
		};
		FA5882A31E38C0F100913AE6 /* encryption */ = {
			isa = PBXGroup;
			children = (
				FA5882A41E38C0F100913AE6 /* EncryptionHandler.swift */,
				FADA183C21CA7E6C0066DF9F /* RC5.swift */,
			);
			path = encryption;
			sourceTree = "<group>";
		};
		FA5882A81E38C0F100913AE6 /* protocol */ = {
			isa = PBXGroup;
			children = (
				FA5882A91E38C0F100913AE6 /* BlePackets.swift */,
				FAA023EB21C275EF0059A64D /* BroadcastPackets.swift */,
				FA843EFF21B6D51800F633A3 /* BroadcastProtocol.swift */,
				FA7BE69D1E449287009E633D /* MeshPackets.swift */,
				FA5882AA1E38C0F100913AE6 /* BluenetTypes.swift */,
				FA5882AB1E38C0F100913AE6 /* Characteristics.swift */,
				FA5882AC1E38C0F100913AE6 /* Services.swift */,
				FA8A9E051F15007E002028F6 /* SchedulerPackets.swift */,
			);
			path = protocol;
			sourceTree = "<group>";
		};
		FA5882AE1E38C0F100913AE6 /* util */ = {
			isa = PBXGroup;
			children = (
				FAA40BD52199CD9000ACF053 /* WatchLogger.swift */,
				FA5882AF1E38C0F100913AE6 /* Conversion.swift */,
				FA5882B01E38C0F100913AE6 /* Eventbus.swift */,
				FA5882B11E38C0F100913AE6 /* JSONUtils.swift */,
				FA5882B21E38C0F100913AE6 /* NotificationMerger.swift */,
				FA5882B31E38C0F100913AE6 /* Util.swift */,
				FAA1381E21B8035800044CF7 /* TimeUtil.swift */,
				FA29280422C110BD004ABB5E /* BleUtil.swift */,
			);
			path = util;
			sourceTree = "<group>";
		};
		FA5882B41E38C0F100913AE6 /* BluenetLibTests */ = {
			isa = PBXGroup;
			children = (
				FA5882B51E38C0F100913AE6 /* BluenetLibTests.swift */,
				FA5882B61E38C0F100913AE6 /* EncryptionTests.swift */,
				FA5882B71E38C0F100913AE6 /* Info.plist */,
				FA3FC25C1ED34DEF00DD2F76 /* ConversionTests.swift */,
				FA7065ED2003C9DC00C833FE /* AdvertisementTests.swift */,
				FA6E8F8C2015FAE7004C3E8A /* PacketTests.swift */,
			);
			path = BluenetLibTests;
			sourceTree = "<group>";
		};
		FA7065D72003AE1900C833FE /* AdvertisementPayloads */ = {
			isa = PBXGroup;
			children = (
				FA7065E12003BD2300C833FE /* encryptedTypes */,
				FA7065DB2003AE8F00C833FE /* opCode1.swift */,
				FA7065DD2003AE9D00C833FE /* opCode2.swift */,
				FA7065DF2003AEA500C833FE /* opCode3.swift */,
				FA7065EA2003BD7300C833FE /* opCode4.swift */,
				FA535A742076855000B6B793 /* opCode5.swift */,
				FA535A762076856400B6B793 /* opCode6.swift */,
			);
			path = AdvertisementPayloads;
			sourceTree = "<group>";
		};
		FA7065DA2003AE6A00C833FE /* Advertisements */ = {
			isa = PBXGroup;
			children = (
				FA7065D72003AE1900C833FE /* AdvertisementPayloads */,
				FA5882981E38C0F000913AE6 /* Advertisement.swift */,
				FA7065D82003AE4600C833FE /* ScanResponse.swift */,
			);
			path = Advertisements;
			sourceTree = "<group>";
		};
		FA7065E12003BD2300C833FE /* encryptedTypes */ = {
			isa = PBXGroup;
			children = (
				FA7065F12003DEAF00C833FE /* opCode4 */,
				FA7065EC2003C0C500C833FE /* opCode3 */,
			);
			path = encryptedTypes;
			sourceTree = "<group>";
		};
		FA7065EC2003C0C500C833FE /* opCode3 */ = {
			isa = PBXGroup;
			children = (
				FA7065E62003BD5300C833FE /* opCode3_type0.swift */,
				FA7065E22003BD3D00C833FE /* opCode3_type1.swift */,
				FA7065E42003BD4700C833FE /* opCode3_type2.swift */,
				FA7065E82003BD6500C833FE /* opCode3_type3.swift */,
			);
			path = opCode3;
			sourceTree = "<group>";
		};
		FA7065F12003DEAF00C833FE /* opCode4 */ = {
			isa = PBXGroup;
			children = (
				FA7065F22003DEC100C833FE /* opCode4_type0.swift */,
			);
			path = opCode4;
			sourceTree = "<group>";
		};
		FA747B141E4B0FBA00255820 /* packetGenerators */ = {
			isa = PBXGroup;
			children = (
				FA747B151E4B0FBA00255820 /* ControlPackets.swift */,
			);
			path = packetGenerators;
			sourceTree = "<group>";
		};
		FAA023EF21C2A4BB0059A64D /* Broadcast */ = {
			isa = PBXGroup;
			children = (
				FAA023F021C2A4D30059A64D /* BroadcastElement.swift */,
				FAA023ED21C2A3B10059A64D /* BroadcastBuffer.swift */,
			);
			path = Broadcast;
			sourceTree = "<group>";
		};
		FAD2AFD42189F85D00458520 /* BluenetWatch */ = {
			isa = PBXGroup;
			children = (
				FAD2AFD52189F85D00458520 /* BluenetWatch.h */,
				FAD2AFD62189F85D00458520 /* Info.plist */,
				FA1F799E21A328CF00E05F31 /* Watch.swift */,
			);
			path = BluenetWatch;
			sourceTree = "<group>";
		};
		FAD2B0582189F92000458520 /* Frameworks */ = {
			isa = PBXGroup;
			children = (
			);
			name = Frameworks;
			sourceTree = "<group>";
		};
/* End PBXGroup section */

/* Begin PBXHeadersBuildPhase section */
		FA3C18761CBBDA6B00A11CF7 /* Headers */ = {
			isa = PBXHeadersBuildPhase;
			buildActionMask = 2147483647;
			files = (
				FA5882E31E38C27100913AE6 /* BluenetLib.h in Headers */,
			);
			runOnlyForDeploymentPostprocessing = 0;
		};
		FAD2AFCE2189F85D00458520 /* Headers */ = {
			isa = PBXHeadersBuildPhase;
			buildActionMask = 2147483647;
			files = (
				FAD2AFD72189F85D00458520 /* BluenetWatch.h in Headers */,
			);
			runOnlyForDeploymentPostprocessing = 0;
		};
/* End PBXHeadersBuildPhase section */

/* Begin PBXNativeTarget section */
		FA3C18781CBBDA6B00A11CF7 /* BluenetLib */ = {
			isa = PBXNativeTarget;
			buildConfigurationList = FA3C188D1CBBDA6B00A11CF7 /* Build configuration list for PBXNativeTarget "BluenetLib" */;
			buildPhases = (
				FA3C18741CBBDA6B00A11CF7 /* Sources */,
				FA3C18751CBBDA6B00A11CF7 /* Frameworks */,
				FA3C18761CBBDA6B00A11CF7 /* Headers */,
				FA3C18771CBBDA6B00A11CF7 /* Resources */,
			);
			buildRules = (
			);
			dependencies = (
			);
			name = BluenetLib;
			productName = BluenetLibIOS;
			productReference = FA3C18791CBBDA6B00A11CF7 /* BluenetLib.framework */;
			productType = "com.apple.product-type.framework";
		};
		FA3C18821CBBDA6B00A11CF7 /* BluenetLibTests */ = {
			isa = PBXNativeTarget;
			buildConfigurationList = FA3C18901CBBDA6B00A11CF7 /* Build configuration list for PBXNativeTarget "BluenetLibTests" */;
			buildPhases = (
				FA3C187F1CBBDA6B00A11CF7 /* Sources */,
				FA3C18801CBBDA6B00A11CF7 /* Frameworks */,
				FA3C18811CBBDA6B00A11CF7 /* Resources */,
			);
			buildRules = (
			);
			dependencies = (
				FA3C18861CBBDA6B00A11CF7 /* PBXTargetDependency */,
			);
			name = BluenetLibTests;
			productName = BluenetLibIOSTests;
			productReference = FA3C18831CBBDA6B00A11CF7 /* BluenetLibTests.xctest */;
			productType = "com.apple.product-type.bundle.unit-test";
		};
		FAD2AFD22189F85D00458520 /* BluenetWatch */ = {
			isa = PBXNativeTarget;
			buildConfigurationList = FAD2AFD82189F85D00458520 /* Build configuration list for PBXNativeTarget "BluenetWatch" */;
			buildPhases = (
				FAD2AFCE2189F85D00458520 /* Headers */,
				FAD2AFCF2189F85D00458520 /* Sources */,
				FAD2AFD02189F85D00458520 /* Frameworks */,
				FAD2AFD12189F85D00458520 /* Resources */,
			);
			buildRules = (
			);
			dependencies = (
			);
			name = BluenetWatch;
			productName = BluenetWatch;
			productReference = FAD2AFD32189F85D00458520 /* BluenetWatch.framework */;
			productType = "com.apple.product-type.framework";
		};
/* End PBXNativeTarget section */

/* Begin PBXProject section */
		FA3C18701CBBDA6B00A11CF7 /* Project object */ = {
			isa = PBXProject;
			attributes = {
				LastSwiftUpdateCheck = 0730;
				LastUpgradeCheck = 1020;
				ORGANIZATIONNAME = "Alex de Mulder";
				TargetAttributes = {
					FA3C18781CBBDA6B00A11CF7 = {
						CreatedOnToolsVersion = 7.3;
						DevelopmentTeam = 6LYJ9PNC3V;
						LastSwiftMigration = 1020;
						ProvisioningStyle = Automatic;
					};
					FA3C18821CBBDA6B00A11CF7 = {
						CreatedOnToolsVersion = 7.3;
						DevelopmentTeam = 6LYJ9PNC3V;
						LastSwiftMigration = 1020;
					};
					FAD2AFD22189F85D00458520 = {
						CreatedOnToolsVersion = 10.0;
						DevelopmentTeam = 6LYJ9PNC3V;
						LastSwiftMigration = 1010;
						ProvisioningStyle = Automatic;
					};
				};
			};
			buildConfigurationList = FA3C18731CBBDA6B00A11CF7 /* Build configuration list for PBXProject "BluenetLib" */;
			compatibilityVersion = "Xcode 3.2";
			developmentRegion = en;
			hasScannedForEncodings = 0;
			knownRegions = (
				en,
				Base,
			);
			mainGroup = FA3C186F1CBBDA6B00A11CF7;
			productRefGroup = FA3C187A1CBBDA6B00A11CF7 /* Products */;
			projectDirPath = "";
			projectRoot = "";
			targets = (
				FA3C18781CBBDA6B00A11CF7 /* BluenetLib */,
				FA3C18821CBBDA6B00A11CF7 /* BluenetLibTests */,
				FAD2AFD22189F85D00458520 /* BluenetWatch */,
			);
		};
/* End PBXProject section */

/* Begin PBXResourcesBuildPhase section */
		FA3C18771CBBDA6B00A11CF7 /* Resources */ = {
			isa = PBXResourcesBuildPhase;
			buildActionMask = 2147483647;
			files = (
				FAE862621CF4B3830027539D /* Cartfile in Resources */,
			);
			runOnlyForDeploymentPostprocessing = 0;
		};
		FA3C18811CBBDA6B00A11CF7 /* Resources */ = {
			isa = PBXResourcesBuildPhase;
			buildActionMask = 2147483647;
			files = (
			);
			runOnlyForDeploymentPostprocessing = 0;
		};
		FAD2AFD12189F85D00458520 /* Resources */ = {
			isa = PBXResourcesBuildPhase;
			buildActionMask = 2147483647;
			files = (
			);
			runOnlyForDeploymentPostprocessing = 0;
		};
/* End PBXResourcesBuildPhase section */

/* Begin PBXSourcesBuildPhase section */
		FA3C18741CBBDA6B00A11CF7 /* Sources */ = {
			isa = PBXSourcesBuildPhase;
			buildActionMask = 2147483647;
			files = (
				FA5882BA1E38C0F100913AE6 /* LocationManager.swift in Sources */,
				FA5882DB1E38C0F100913AE6 /* NotificationMerger.swift in Sources */,
				FA5882CA1E38C0F100913AE6 /* NearestItem.swift in Sources */,
				FA7065D92003AE4600C833FE /* ScanResponse.swift in Sources */,
				FA5882D31E38C0F100913AE6 /* BlePackets.swift in Sources */,
				FA5882C61E38C0F100913AE6 /* BluenetSettings.swift in Sources */,
				FAA023EE21C2A3B10059A64D /* BroadcastBuffer.swift in Sources */,
				FA7065EB2003BD7300C833FE /* opCode4.swift in Sources */,
				FA5882C31E38C0F100913AE6 /* BluenetMotion.swift in Sources */,
				FA5882D71E38C0F100913AE6 /* TrainingHelper.swift in Sources */,
				FA5882CF1E38C0F100913AE6 /* EncryptionHandler.swift in Sources */,
				FAA023F121C2A4D30059A64D /* BroadcastElement.swift in Sources */,
				FA2261C11E55A7B9001D0262 /* DeviceHandler.swift in Sources */,
				FA8A9E061F15007E002028F6 /* SchedulerPackets.swift in Sources */,
				FA8AC2C821C939C5000C35C1 /* BluenetTimekeeper.swift in Sources */,
				FA7BE69E1E449287009E633D /* MeshPackets.swift in Sources */,
				FA843EFE21B6D3A600F633A3 /* BroadcastHandler.swift in Sources */,
				FA5882BF1E38C0F100913AE6 /* SetupHandler.swift in Sources */,
				FAA023EC21C275EF0059A64D /* BroadcastPackets.swift in Sources */,
				FA5882BB1E38C0F100913AE6 /* ConfigHandler.swift in Sources */,
				FA7065E92003BD6500C833FE /* opCode3_type3.swift in Sources */,
				FA843F1C21B6DDD200F633A3 /* PeripheralStateManager.swift in Sources */,
				FA5882BE1E38C0F100913AE6 /* PowerHandler.swift in Sources */,
				FA5882C21E38C0F100913AE6 /* BluenetLocalization.swift in Sources */,
				FA5882BC1E38C0F100913AE6 /* ControlHandler.swift in Sources */,
				FA4B678F213839B60050CE9D /* KeySet.swift in Sources */,
				FAA1381F21B8035800044CF7 /* TimeUtil.swift in Sources */,
				FA76EF2120976EDB0046DCDE /* ResultPacket.swift in Sources */,
				FA4B67912138414D0050CE9D /* AdvertisementValidator.swift in Sources */,
				FA7065E02003AEA500C833FE /* opCode3.swift in Sources */,
				FA5882C91E38C0F100913AE6 /* iBeaconContainers.swift in Sources */,
				FA5882C81E38C0F100913AE6 /* Firmware.swift in Sources */,
				FA5882D41E38C0F100913AE6 /* BluenetTypes.swift in Sources */,
				FA5882CE1E38C0F100913AE6 /* TrainingData.swift in Sources */,
				FA5882D61E38C0F100913AE6 /* Services.swift in Sources */,
				FA535A752076855000B6B793 /* opCode5.swift in Sources */,
				FA7065E32003BD3D00C833FE /* opCode3_type1.swift in Sources */,
				FA7065E52003BD4700C833FE /* opCode3_type2.swift in Sources */,
				FA5882BD1E38C0F100913AE6 /* DfuHandler.swift in Sources */,
				FA5882CC1E38C0F100913AE6 /* PromiseContainer.swift in Sources */,
				FA7BE69A1E4487B8009E633D /* MeshHandler.swift in Sources */,
				FA535A772076856400B6B793 /* opCode6.swift in Sources */,
				FA3FC25F1ED4346200DD2F76 /* CrownstoneErrors.swift in Sources */,
				FA5882DA1E38C0F100913AE6 /* JSONUtils.swift in Sources */,
				FA747B161E4B0FBA00255820 /* ControlPackets.swift in Sources */,
				FA7065F32003DEC100C833FE /* opCode4_type0.swift in Sources */,
				FA5882DC1E38C0F100913AE6 /* Util.swift in Sources */,
				FA3FC25B1ED3499C00DD2F76 /* StateHandler.swift in Sources */,
				FA5882D81E38C0F100913AE6 /* Conversion.swift in Sources */,
				FA29280522C110BD004ABB5E /* BleUtil.swift in Sources */,
				FA5882D91E38C0F100913AE6 /* Eventbus.swift in Sources */,
				FA5882B91E38C0F100913AE6 /* BleManager.swift in Sources */,
				FA5882D01E38C0F100913AE6 /* Globals.swift in Sources */,
				FA7065E72003BD5300C833FE /* opCode3_type0.swift in Sources */,
				FA0B813D1F94BC410090168B /* BluenetCBDelegateBackground.swift in Sources */,
				FA225EF321359C7900549058 /* CrownstoneContainer.swift in Sources */,
				FA6106B5207D079B007969BB /* BlePeripheralManager.swift in Sources */,
				FAA40BD92199D20A00ACF053 /* WatchLogger.swift in Sources */,
				FA5882D51E38C0F100913AE6 /* Characteristics.swift in Sources */,
				FA5882C41E38C0F100913AE6 /* Advertisement.swift in Sources */,
				FA0B813B1F94BB510090168B /* BluenetCBDelegate.swift in Sources */,
				FA5882C01E38C0F100913AE6 /* Bluenet.swift in Sources */,
				FA843F0021B6D51800F633A3 /* BroadcastProtocol.swift in Sources */,
				FADA183D21CA7E6C0066DF9F /* RC5.swift in Sources */,
				FA7065DC2003AE8F00C833FE /* opCode1.swift in Sources */,
				FA5882C71E38C0F100913AE6 /* EncryptedPackage.swift in Sources */,
				FA5882CB1E38C0F100913AE6 /* PowerSamples.swift in Sources */,
				FA7065DE2003AE9D00C833FE /* opCode2.swift in Sources */,
				FA843F1E21B6E47800F633A3 /* BluenetErrors.swift in Sources */,
			);
			runOnlyForDeploymentPostprocessing = 0;
		};
		FA3C187F1CBBDA6B00A11CF7 /* Sources */ = {
			isa = PBXSourcesBuildPhase;
			buildActionMask = 2147483647;
			files = (
				FA3FC25D1ED34DEF00DD2F76 /* ConversionTests.swift in Sources */,
				FA7065EE2003C9DC00C833FE /* AdvertisementTests.swift in Sources */,
				FA6E8F8D2015FAE7004C3E8A /* PacketTests.swift in Sources */,
				FA5882E51E38C2EA00913AE6 /* EncryptionTests.swift in Sources */,
				FA5882E41E38C2E800913AE6 /* BluenetLibTests.swift in Sources */,
			);
			runOnlyForDeploymentPostprocessing = 0;
		};
		FAD2AFCF2189F85D00458520 /* Sources */ = {
			isa = PBXSourcesBuildPhase;
			buildActionMask = 2147483647;
			files = (
				FA94D01821A6E62F00AB8331 /* Bluenet.swift in Sources */,
				FA94D01B21A6E62F00AB8331 /* BluenetCBDelegate.swift in Sources */,
				FA94D01C21A6E62F00AB8331 /* BluenetCBDelegateBackground.swift in Sources */,
				FA94D01D21A6E62F00AB8331 /* BleManager.swift in Sources */,
				FA94D01E21A6E62F00AB8331 /* BlePeripheralManagerWatch.swift in Sources */,
				FA94D02121A6E62F00AB8331 /* ControlPackets.swift in Sources */,
				FA94D02221A6E62F00AB8331 /* ConfigHandler.swift in Sources */,
				FA94D02321A6E62F00AB8331 /* ControlHandler.swift in Sources */,
				FA94D02421A6E62F00AB8331 /* DeviceHandler.swift in Sources */,
				FA94D02621A6E62F00AB8331 /* MeshHandler.swift in Sources */,
				FAAB603221CBCE1B00183587 /* BroadcastElement.swift in Sources */,
				FA94D02721A6E62F00AB8331 /* PowerHandler.swift in Sources */,
				FA94D02821A6E62F00AB8331 /* SetupHandler.swift in Sources */,
				FA94D02921A6E62F00AB8331 /* StateHandler.swift in Sources */,
				FAAB602B21CBCD9F00183587 /* TimeUtil.swift in Sources */,
				FA94D02A21A6E62F00AB8331 /* opCode4_type0.swift in Sources */,
				FA94D02B21A6E62F00AB8331 /* opCode3_type0.swift in Sources */,
				FA94D02C21A6E62F00AB8331 /* opCode3_type1.swift in Sources */,
				FA94D02D21A6E62F00AB8331 /* opCode3_type2.swift in Sources */,
				FA94D02E21A6E62F00AB8331 /* opCode3_type3.swift in Sources */,
				FAAB603021CBCE0200183587 /* BroadcastProtocol.swift in Sources */,
				FA94D02F21A6E62F00AB8331 /* opCode1.swift in Sources */,
				FA94D03021A6E62F00AB8331 /* opCode2.swift in Sources */,
				FA94D03121A6E62F00AB8331 /* opCode3.swift in Sources */,
				FAAB603321CBCE3800183587 /* BroadcastHandler.swift in Sources */,
				FA94D03221A6E62F00AB8331 /* opCode4.swift in Sources */,
				FA94D03321A6E62F00AB8331 /* opCode5.swift in Sources */,
				FA94D03421A6E62F00AB8331 /* opCode6.swift in Sources */,
				FAAB603121CBCE1800183587 /* BroadcastBuffer.swift in Sources */,
				FA94D03521A6E62F00AB8331 /* Advertisement.swift in Sources */,
				FA94D03621A6E62F00AB8331 /* ScanResponse.swift in Sources */,
				FA94D03821A6E62F00AB8331 /* AdvertisementValidator.swift in Sources */,
				FA94D03921A6E62F00AB8331 /* CrownstoneContainer.swift in Sources */,
				FA94D03A21A6E62F00AB8331 /* BluenetSettings.swift in Sources */,
				FAAB602F21CBCE0000183587 /* BroadcastPackets.swift in Sources */,
				FA94D03B21A6E62F00AB8331 /* CrownstoneErrors.swift in Sources */,
				FAAB602E21CBCDF300183587 /* PeripheralStateManager.swift in Sources */,
				FA94D03C21A6E62F00AB8331 /* EncryptedPackage.swift in Sources */,
				FA94D03D21A6E62F00AB8331 /* Firmware.swift in Sources */,
				FA94D03F21A6E62F00AB8331 /* NearestItem.swift in Sources */,
				FA94D04021A6E63000AB8331 /* PowerSamples.swift in Sources */,
				FA94D04121A6E63000AB8331 /* PromiseContainer.swift in Sources */,
				FA94D04221A6E63000AB8331 /* ResultPacket.swift in Sources */,
				FA94D04421A6E63000AB8331 /* KeySet.swift in Sources */,
				FA94D04521A6E63000AB8331 /* EncryptionHandler.swift in Sources */,
				FA94D04621A6E63000AB8331 /* BlePackets.swift in Sources */,
				FADA183E21CA7E6C0066DF9F /* RC5.swift in Sources */,
				FADB742122D3798100DCB92B /* BleUtil.swift in Sources */,
				FA94D04721A6E63000AB8331 /* MeshPackets.swift in Sources */,
				FA94D04821A6E63000AB8331 /* BluenetTypes.swift in Sources */,
				FA94D04921A6E63000AB8331 /* Characteristics.swift in Sources */,
				FA94D04A21A6E63000AB8331 /* Services.swift in Sources */,
				FAAB602A21CBCD9700183587 /* BluenetErrors.swift in Sources */,
				FA94D04B21A6E63000AB8331 /* SchedulerPackets.swift in Sources */,
				FA94D04C21A6E63000AB8331 /* WatchLogger.swift in Sources */,
				FA94D04D21A6E63000AB8331 /* Conversion.swift in Sources */,
				FA94D04E21A6E63000AB8331 /* Eventbus.swift in Sources */,
				FA94D04F21A6E63000AB8331 /* JSONUtils.swift in Sources */,
				FA94D05021A6E63000AB8331 /* NotificationMerger.swift in Sources */,
				FA94D05121A6E63000AB8331 /* Util.swift in Sources */,
				FA94D05221A6E63000AB8331 /* Globals.swift in Sources */,
				FA1F799F21A328CF00E05F31 /* Watch.swift in Sources */,
			);
			runOnlyForDeploymentPostprocessing = 0;
		};
/* End PBXSourcesBuildPhase section */

/* Begin PBXTargetDependency section */
		FA3C18861CBBDA6B00A11CF7 /* PBXTargetDependency */ = {
			isa = PBXTargetDependency;
			target = FA3C18781CBBDA6B00A11CF7 /* BluenetLib */;
			targetProxy = FA3C18851CBBDA6B00A11CF7 /* PBXContainerItemProxy */;
		};
/* End PBXTargetDependency section */

/* Begin XCBuildConfiguration section */
		FA3C188B1CBBDA6B00A11CF7 /* Debug */ = {
			isa = XCBuildConfiguration;
			buildSettings = {
				ALWAYS_SEARCH_USER_PATHS = NO;
				CLANG_ANALYZER_NONNULL = YES;
				CLANG_CXX_LANGUAGE_STANDARD = "gnu++0x";
				CLANG_CXX_LIBRARY = "libc++";
				CLANG_ENABLE_MODULES = YES;
				CLANG_ENABLE_OBJC_ARC = YES;
				CLANG_WARN_BLOCK_CAPTURE_AUTORELEASING = YES;
				CLANG_WARN_BOOL_CONVERSION = YES;
				CLANG_WARN_COMMA = YES;
				CLANG_WARN_CONSTANT_CONVERSION = YES;
				CLANG_WARN_DEPRECATED_OBJC_IMPLEMENTATIONS = YES;
				CLANG_WARN_DIRECT_OBJC_ISA_USAGE = YES_ERROR;
				CLANG_WARN_EMPTY_BODY = YES;
				CLANG_WARN_ENUM_CONVERSION = YES;
				CLANG_WARN_INFINITE_RECURSION = YES;
				CLANG_WARN_INT_CONVERSION = YES;
				CLANG_WARN_NON_LITERAL_NULL_CONVERSION = YES;
				CLANG_WARN_OBJC_IMPLICIT_RETAIN_SELF = YES;
				CLANG_WARN_OBJC_LITERAL_CONVERSION = YES;
				CLANG_WARN_OBJC_ROOT_CLASS = YES_ERROR;
				CLANG_WARN_RANGE_LOOP_ANALYSIS = YES;
				CLANG_WARN_STRICT_PROTOTYPES = YES;
				CLANG_WARN_SUSPICIOUS_MOVE = YES;
				CLANG_WARN_UNREACHABLE_CODE = YES;
				CLANG_WARN__DUPLICATE_METHOD_MATCH = YES;
				"CODE_SIGN_IDENTITY[sdk=iphoneos*]" = "iPhone Developer";
				COPY_PHASE_STRIP = NO;
				CURRENT_PROJECT_VERSION = 1;
				DEBUG_INFORMATION_FORMAT = dwarf;
				ENABLE_STRICT_OBJC_MSGSEND = YES;
				ENABLE_TESTABILITY = YES;
				GCC_C_LANGUAGE_STANDARD = gnu99;
				GCC_DYNAMIC_NO_PIC = NO;
				GCC_NO_COMMON_BLOCKS = YES;
				GCC_OPTIMIZATION_LEVEL = 0;
				GCC_PREPROCESSOR_DEFINITIONS = (
					"DEBUG=1",
					"$(inherited)",
				);
				GCC_WARN_64_TO_32_BIT_CONVERSION = YES;
				GCC_WARN_ABOUT_RETURN_TYPE = YES_ERROR;
				GCC_WARN_UNDECLARED_SELECTOR = YES;
				GCC_WARN_UNINITIALIZED_AUTOS = YES_AGGRESSIVE;
				GCC_WARN_UNUSED_FUNCTION = YES;
				GCC_WARN_UNUSED_VARIABLE = YES;
				IPHONEOS_DEPLOYMENT_TARGET = 9.0;
				MTL_ENABLE_DEBUG_INFO = YES;
				ONLY_ACTIVE_ARCH = YES;
				PRODUCT_NAME = BluenetLib;
				SDKROOT = iphoneos;
				SWIFT_OPTIMIZATION_LEVEL = "-Onone";
				SWIFT_VERSION = 3.0;
				TARGETED_DEVICE_FAMILY = "1,2";
				VERSIONING_SYSTEM = "apple-generic";
				VERSION_INFO_PREFIX = "";
			};
			name = Debug;
		};
		FA3C188C1CBBDA6B00A11CF7 /* Release */ = {
			isa = XCBuildConfiguration;
			buildSettings = {
				ALWAYS_SEARCH_USER_PATHS = NO;
				CLANG_ANALYZER_NONNULL = YES;
				CLANG_CXX_LANGUAGE_STANDARD = "gnu++0x";
				CLANG_CXX_LIBRARY = "libc++";
				CLANG_ENABLE_MODULES = YES;
				CLANG_ENABLE_OBJC_ARC = YES;
				CLANG_WARN_BLOCK_CAPTURE_AUTORELEASING = YES;
				CLANG_WARN_BOOL_CONVERSION = YES;
				CLANG_WARN_COMMA = YES;
				CLANG_WARN_CONSTANT_CONVERSION = YES;
				CLANG_WARN_DEPRECATED_OBJC_IMPLEMENTATIONS = YES;
				CLANG_WARN_DIRECT_OBJC_ISA_USAGE = YES_ERROR;
				CLANG_WARN_EMPTY_BODY = YES;
				CLANG_WARN_ENUM_CONVERSION = YES;
				CLANG_WARN_INFINITE_RECURSION = YES;
				CLANG_WARN_INT_CONVERSION = YES;
				CLANG_WARN_NON_LITERAL_NULL_CONVERSION = YES;
				CLANG_WARN_OBJC_IMPLICIT_RETAIN_SELF = YES;
				CLANG_WARN_OBJC_LITERAL_CONVERSION = YES;
				CLANG_WARN_OBJC_ROOT_CLASS = YES_ERROR;
				CLANG_WARN_RANGE_LOOP_ANALYSIS = YES;
				CLANG_WARN_STRICT_PROTOTYPES = YES;
				CLANG_WARN_SUSPICIOUS_MOVE = YES;
				CLANG_WARN_UNREACHABLE_CODE = YES;
				CLANG_WARN__DUPLICATE_METHOD_MATCH = YES;
				"CODE_SIGN_IDENTITY[sdk=iphoneos*]" = "iPhone Developer";
				COPY_PHASE_STRIP = NO;
				CURRENT_PROJECT_VERSION = 1;
				DEBUG_INFORMATION_FORMAT = "dwarf-with-dsym";
				ENABLE_NS_ASSERTIONS = NO;
				ENABLE_STRICT_OBJC_MSGSEND = YES;
				GCC_C_LANGUAGE_STANDARD = gnu99;
				GCC_NO_COMMON_BLOCKS = YES;
				GCC_WARN_64_TO_32_BIT_CONVERSION = YES;
				GCC_WARN_ABOUT_RETURN_TYPE = YES_ERROR;
				GCC_WARN_UNDECLARED_SELECTOR = YES;
				GCC_WARN_UNINITIALIZED_AUTOS = YES_AGGRESSIVE;
				GCC_WARN_UNUSED_FUNCTION = YES;
				GCC_WARN_UNUSED_VARIABLE = YES;
				IPHONEOS_DEPLOYMENT_TARGET = 9.0;
				MTL_ENABLE_DEBUG_INFO = NO;
				PRODUCT_NAME = BluenetLib;
				SDKROOT = iphoneos;
				SWIFT_OPTIMIZATION_LEVEL = "-Owholemodule";
				SWIFT_VERSION = 3.0;
				TARGETED_DEVICE_FAMILY = "1,2";
				VALIDATE_PRODUCT = YES;
				VERSIONING_SYSTEM = "apple-generic";
				VERSION_INFO_PREFIX = "";
			};
			name = Release;
		};
		FA3C188E1CBBDA6B00A11CF7 /* Debug */ = {
			isa = XCBuildConfiguration;
			buildSettings = {
				ALWAYS_EMBED_SWIFT_STANDARD_LIBRARIES = NO;
				CLANG_ENABLE_MODULES = YES;
				CODE_SIGN_IDENTITY = "iPhone Developer";
				"CODE_SIGN_IDENTITY[sdk=iphoneos*]" = "";
				CODE_SIGN_STYLE = Automatic;
				DEBUG_INFORMATION_FORMAT = "dwarf-with-dsym";
				DEFINES_MODULE = YES;
				DEVELOPMENT_TEAM = 6LYJ9PNC3V;
				DYLIB_COMPATIBILITY_VERSION = 1;
				DYLIB_CURRENT_VERSION = 1;
				DYLIB_INSTALL_NAME_BASE = "@rpath";
				FRAMEWORK_SEARCH_PATHS = (
					"$(inherited)",
					"$(PROJECT_DIR)/Carthage/Build/iOS",
					"$(PROJECT_DIR)/Carthage/Build/watchOS",
				);
				GCC_OPTIMIZATION_LEVEL = 0;
				INFOPLIST_FILE = "$(SRCROOT)/BluenetLib/Info.plist";
				INSTALL_PATH = "$(LOCAL_LIBRARY_DIR)/Frameworks";
				IPHONEOS_DEPLOYMENT_TARGET = 9.0;
				LD_RUNPATH_SEARCH_PATHS = "$(inherited) @executable_path/Frameworks @loader_path/Frameworks $(SRCROOT)/Carthage/Build/iOS/";
				PRODUCT_BUNDLE_IDENTIFIER = com.crownstone.BluenetLib;
				PRODUCT_NAME = "$(TARGET_NAME)";
				PROVISIONING_PROFILE_SPECIFIER = "";
				SKIP_INSTALL = YES;
				STRIP_INSTALLED_PRODUCT = NO;
				SWIFT_OPTIMIZATION_LEVEL = "-Onone";
				SWIFT_VERSION = 4.2;
				TARGETED_DEVICE_FAMILY = 1;
			};
			name = Debug;
		};
		FA3C188F1CBBDA6B00A11CF7 /* Release */ = {
			isa = XCBuildConfiguration;
			buildSettings = {
				ALWAYS_EMBED_SWIFT_STANDARD_LIBRARIES = NO;
				CLANG_ENABLE_MODULES = YES;
				CODE_SIGN_IDENTITY = "iPhone Developer";
				"CODE_SIGN_IDENTITY[sdk=iphoneos*]" = "";
				CODE_SIGN_STYLE = Automatic;
				DEFINES_MODULE = YES;
				DEVELOPMENT_TEAM = 6LYJ9PNC3V;
				DYLIB_COMPATIBILITY_VERSION = 1;
				DYLIB_CURRENT_VERSION = 1;
				DYLIB_INSTALL_NAME_BASE = "@rpath";
				FRAMEWORK_SEARCH_PATHS = (
					"$(inherited)",
					"$(PROJECT_DIR)/Carthage/Build/iOS",
					"$(PROJECT_DIR)/Carthage/Build/watchOS",
				);
				GCC_OPTIMIZATION_LEVEL = 0;
				INFOPLIST_FILE = "$(SRCROOT)/BluenetLib/Info.plist";
				INSTALL_PATH = "$(LOCAL_LIBRARY_DIR)/Frameworks";
				IPHONEOS_DEPLOYMENT_TARGET = 9.0;
				LD_RUNPATH_SEARCH_PATHS = "$(inherited) @executable_path/Frameworks @loader_path/Frameworks $(SRCROOT)/Carthage/Build/iOS/";
				PRODUCT_BUNDLE_IDENTIFIER = com.crownstone.BluenetLib;
				PRODUCT_NAME = "$(TARGET_NAME)";
				PROVISIONING_PROFILE_SPECIFIER = "";
				SKIP_INSTALL = YES;
				STRIP_INSTALLED_PRODUCT = NO;
				SWIFT_OPTIMIZATION_LEVEL = "-Onone";
				SWIFT_VERSION = 4.2;
				TARGETED_DEVICE_FAMILY = 1;
			};
			name = Release;
		};
		FA3C18911CBBDA6B00A11CF7 /* Debug */ = {
			isa = XCBuildConfiguration;
			buildSettings = {
				ALWAYS_EMBED_SWIFT_STANDARD_LIBRARIES = YES;
				DEVELOPMENT_TEAM = 6LYJ9PNC3V;
				FRAMEWORK_SEARCH_PATHS = (
					"$(inherited)",
					"$(PROJECT_DIR)/Carthage/Build/iOS",
				);
				INFOPLIST_FILE = BluenetLibTests/Info.plist;
				LD_RUNPATH_SEARCH_PATHS = "$(inherited) @executable_path/Frameworks @loader_path/Frameworks $(PROJECT_DIR)/Carthage/Build/iOS";
				PRODUCT_BUNDLE_IDENTIFIER = com.crownstone.BluenetLibIOSTests;
				PRODUCT_NAME = "$(TARGET_NAME)";
				SWIFT_VERSION = 4.2;
			};
			name = Debug;
		};
		FA3C18921CBBDA6B00A11CF7 /* Release */ = {
			isa = XCBuildConfiguration;
			buildSettings = {
				ALWAYS_EMBED_SWIFT_STANDARD_LIBRARIES = YES;
				DEVELOPMENT_TEAM = 6LYJ9PNC3V;
				FRAMEWORK_SEARCH_PATHS = (
					"$(inherited)",
					"$(PROJECT_DIR)/Carthage/Build/iOS",
				);
				INFOPLIST_FILE = BluenetLibTests/Info.plist;
				LD_RUNPATH_SEARCH_PATHS = "$(inherited) @executable_path/Frameworks @loader_path/Frameworks $(PROJECT_DIR)/Carthage/Build/iOS";
				PRODUCT_BUNDLE_IDENTIFIER = com.crownstone.BluenetLibIOSTests;
				PRODUCT_NAME = "$(TARGET_NAME)";
				SWIFT_VERSION = 4.2;
			};
			name = Release;
		};
		FAD2AFD92189F85D00458520 /* Debug */ = {
			isa = XCBuildConfiguration;
			buildSettings = {
				APPLICATION_EXTENSION_API_ONLY = YES;
				CLANG_ANALYZER_NUMBER_OBJECT_CONVERSION = YES_AGGRESSIVE;
				CLANG_CXX_LANGUAGE_STANDARD = "gnu++14";
				CLANG_ENABLE_MODULES = YES;
				CLANG_ENABLE_OBJC_WEAK = YES;
				CLANG_WARN_DOCUMENTATION_COMMENTS = YES;
				CLANG_WARN_UNGUARDED_AVAILABILITY = YES_AGGRESSIVE;
				CODE_SIGN_IDENTITY = "";
				CODE_SIGN_STYLE = Automatic;
				DEFINES_MODULE = YES;
				DEVELOPMENT_TEAM = 6LYJ9PNC3V;
				DYLIB_COMPATIBILITY_VERSION = 1;
				DYLIB_CURRENT_VERSION = 1;
				DYLIB_INSTALL_NAME_BASE = "@rpath";
				FRAMEWORK_SEARCH_PATHS = (
					"$(inherited)",
					"$(PROJECT_DIR)/Carthage/Build/watchOS",
					"$(PROJECT_DIR)/Carthage/Build/iOS",
				);
				GCC_C_LANGUAGE_STANDARD = gnu11;
				INFOPLIST_FILE = BluenetWatch/Info.plist;
				INSTALL_PATH = "$(LOCAL_LIBRARY_DIR)/Frameworks";
				LD_RUNPATH_SEARCH_PATHS = "$(inherited) @executable_path/Frameworks @loader_path/Frameworks";
				MTL_ENABLE_DEBUG_INFO = INCLUDE_SOURCE;
				MTL_FAST_MATH = YES;
				PRODUCT_BUNDLE_IDENTIFIER = com.crownstone.BluenetWatch;
				PRODUCT_NAME = "$(TARGET_NAME:c99extidentifier)";
				SDKROOT = watchos;
				SKIP_INSTALL = YES;
				SWIFT_ACTIVE_COMPILATION_CONDITIONS = DEBUG;
				SWIFT_OPTIMIZATION_LEVEL = "-Onone";
				SWIFT_VERSION = 4.2;
				TARGETED_DEVICE_FAMILY = 4;
				WATCHOS_DEPLOYMENT_TARGET = 5.0;
			};
			name = Debug;
		};
		FAD2AFDA2189F85D00458520 /* Release */ = {
			isa = XCBuildConfiguration;
			buildSettings = {
				APPLICATION_EXTENSION_API_ONLY = YES;
				CLANG_ANALYZER_NUMBER_OBJECT_CONVERSION = YES_AGGRESSIVE;
				CLANG_CXX_LANGUAGE_STANDARD = "gnu++14";
				CLANG_ENABLE_MODULES = YES;
				CLANG_ENABLE_OBJC_WEAK = YES;
				CLANG_WARN_DOCUMENTATION_COMMENTS = YES;
				CLANG_WARN_UNGUARDED_AVAILABILITY = YES_AGGRESSIVE;
				CODE_SIGN_IDENTITY = "";
				CODE_SIGN_STYLE = Automatic;
				DEFINES_MODULE = YES;
				DEVELOPMENT_TEAM = 6LYJ9PNC3V;
				DYLIB_COMPATIBILITY_VERSION = 1;
				DYLIB_CURRENT_VERSION = 1;
				DYLIB_INSTALL_NAME_BASE = "@rpath";
				FRAMEWORK_SEARCH_PATHS = (
					"$(inherited)",
					"$(PROJECT_DIR)/Carthage/Build/watchOS",
					"$(PROJECT_DIR)/Carthage/Build/iOS",
				);
				GCC_C_LANGUAGE_STANDARD = gnu11;
				INFOPLIST_FILE = BluenetWatch/Info.plist;
				INSTALL_PATH = "$(LOCAL_LIBRARY_DIR)/Frameworks";
				LD_RUNPATH_SEARCH_PATHS = "$(inherited) @executable_path/Frameworks @loader_path/Frameworks";
				MTL_FAST_MATH = YES;
				PRODUCT_BUNDLE_IDENTIFIER = com.crownstone.BluenetWatch;
				PRODUCT_NAME = "$(TARGET_NAME:c99extidentifier)";
				SDKROOT = watchos;
				SKIP_INSTALL = YES;
				SWIFT_VERSION = 4.2;
				TARGETED_DEVICE_FAMILY = 4;
				WATCHOS_DEPLOYMENT_TARGET = 5.0;
			};
			name = Release;
		};
/* End XCBuildConfiguration section */

/* Begin XCConfigurationList section */
		FA3C18731CBBDA6B00A11CF7 /* Build configuration list for PBXProject "BluenetLib" */ = {
			isa = XCConfigurationList;
			buildConfigurations = (
				FA3C188B1CBBDA6B00A11CF7 /* Debug */,
				FA3C188C1CBBDA6B00A11CF7 /* Release */,
			);
			defaultConfigurationIsVisible = 0;
			defaultConfigurationName = Release;
		};
		FA3C188D1CBBDA6B00A11CF7 /* Build configuration list for PBXNativeTarget "BluenetLib" */ = {
			isa = XCConfigurationList;
			buildConfigurations = (
				FA3C188E1CBBDA6B00A11CF7 /* Debug */,
				FA3C188F1CBBDA6B00A11CF7 /* Release */,
			);
			defaultConfigurationIsVisible = 0;
			defaultConfigurationName = Release;
		};
		FA3C18901CBBDA6B00A11CF7 /* Build configuration list for PBXNativeTarget "BluenetLibTests" */ = {
			isa = XCConfigurationList;
			buildConfigurations = (
				FA3C18911CBBDA6B00A11CF7 /* Debug */,
				FA3C18921CBBDA6B00A11CF7 /* Release */,
			);
			defaultConfigurationIsVisible = 0;
			defaultConfigurationName = Release;
		};
		FAD2AFD82189F85D00458520 /* Build configuration list for PBXNativeTarget "BluenetWatch" */ = {
			isa = XCConfigurationList;
			buildConfigurations = (
				FAD2AFD92189F85D00458520 /* Debug */,
				FAD2AFDA2189F85D00458520 /* Release */,
			);
			defaultConfigurationIsVisible = 0;
			defaultConfigurationName = Release;
		};
/* End XCConfigurationList section */
	};
	rootObject = FA3C18701CBBDA6B00A11CF7 /* Project object */;
}
