// !$*UTF8*$!
{
	archiveVersion = 1;
	classes = {
	};
	objectVersion = 46;
	objects = {

/* Begin PBXBuildFile section */
		00C302E51ABCBA2D00DB3ED1 = {
			isa = PBXBuildFile;
			fileRef = 00C302AC1ABCB8CE00DB3ED1;
		};
		00C302E71ABCBA2D00DB3ED1 = {
			isa = PBXBuildFile;
			fileRef = 00C302BA1ABCB90400DB3ED1;
		};
		00C302E81ABCBA2D00DB3ED1 = {
			isa = PBXBuildFile;
			fileRef = 00C302C01ABCB91800DB3ED1;
		};
		00C302E91ABCBA2D00DB3ED1 = {
			isa = PBXBuildFile;
			fileRef = 00C302DC1ABCB9D200DB3ED1;
		};
		00C302EA1ABCBA2D00DB3ED1 = {
			isa = PBXBuildFile;
			fileRef = 00C302E41ABCB9EE00DB3ED1;
		};
		00E356F31AD99517003FC87E = {
			isa = PBXBuildFile;
			fileRef = 00E356F21AD99517003FC87E;
		};
		0647CA2DBCCC4BD3BCA1D4B9 = {
			isa = PBXBuildFile;
			fileRef = 9A0395D3B04F41FDA243B0A7;
		};
		133E29F31AD74F7200F7D852 = {
			isa = PBXBuildFile;
			fileRef = 78C398B91ACF4ADC00677621;
		};
		139105C61AF99C1200B5F7CC = {
			isa = PBXBuildFile;
			fileRef = 139105C11AF99BAD00B5F7CC;
		};
		139FDEF61B0652A700C62182 = {
			isa = PBXBuildFile;
			fileRef = 139FDEF41B06529B00C62182;
		};
		13B07FBC1A68108700A75B9A = {
			isa = PBXBuildFile;
			fileRef = 13B07FB01A68108700A75B9A;
		};
		13B07FBF1A68108700A75B9A = {
			isa = PBXBuildFile;
			fileRef = 13B07FB51A68108700A75B9A;
		};
		13B07FC11A68108700A75B9A = {
			isa = PBXBuildFile;
			fileRef = 13B07FB71A68108700A75B9A;
		};
		146834051AC3E58100842450 = {
			isa = PBXBuildFile;
			fileRef = 146834041AC3E56700842450;
		};
		2C63102E23584E8885F4BCBA = {
			isa = PBXBuildFile;
			fileRef = 9A7B31EFD0E245169F4059D1;
		};
		34AD4240BA674522A4B4EBEB = {
			isa = PBXBuildFile;
			fileRef = F73F7A9D896A46C299611037;
		};
		3538F29E35E64460B0130755 = {
			isa = PBXBuildFile;
			fileRef = 98DFE396B4864F8A928EF8FA;
		};
		3BADC097F9F14340A8B56946 = {
			isa = PBXBuildFile;
			fileRef = 800FBA6C2CB84BF4B161A257;
		};
		3DC56834D904463C98A6A97A = {
			isa = PBXBuildFile;
			fileRef = 0175E699566D4B92A97D2696;
		};
		4CF561DF1D0745FE99B9C30C = {
			isa = PBXBuildFile;
			fileRef = FD57DF026A8B4393B71098CB;
		};
		512E964294A94E34B1EE993A = {
			isa = PBXBuildFile;
			fileRef = 1F080E01998C4681B12169B2;
		};
		5C14268A88E54B1D9870E150 = {
			isa = PBXBuildFile;
			fileRef = 9D9ED540D1794AE6BCFE4756;
		};
		832341BD1AAA6AB300B99B32 = {
			isa = PBXBuildFile;
			fileRef = 832341B51AAA6A8300B99B32;
		};
		AEDF75A5278A4ED19005F8EE = {
			isa = PBXBuildFile;
			fileRef = 450B815B98344712BBB045BE;
		};
		C0EA02FA19904884858E7A86 = {
			isa = PBXBuildFile;
			fileRef = 69BCC256F9794EB0B5F8CD8D;
		};
		E0694268802948AAAB438DD7 = {
			isa = PBXBuildFile;
			fileRef = FB84202DEE984E47A75A4CB2;
		};
		FA3F47211CF73CE000408E34 = {
			isa = PBXBuildFile;
			fileRef = FA3F46FD1CF73C8C00408E34;
		};
		FA3F47231CF73D3600408E34 = {
			isa = PBXBuildFile;
			fileRef = FA3F47221CF73D3600408E34;
		};
		FA3F47251CF73D7200408E34 = {
			isa = PBXBuildFile;
			fileRef = FA3F47241CF73D7200408E34;
		};
		FA3F472C1CF747D000408E34 = {
			isa = PBXBuildFile;
			fileRef = FA3F472B1CF7478400408E34;
		};
		FA4A09EE1D09BD87005753CE = {
			isa = PBXBuildFile;
			fileRef = FA4A09ED1D09BD87005753CE;
		};
		FA4A0A051D09C1DF005753CE = {
			isa = PBXBuildFile;
			fileRef = FA4A0A041D09C1DF005753CE;
		};
		FA662E541D3D1BC6009C5BE3 = {
			isa = PBXBuildFile;
			fileRef = FA662E481D3D1B83009C5BE3;
		};
		FA662E551D3D1BC6009C5BE3 = {
			isa = PBXBuildFile;
			fileRef = FA662E491D3D1B83009C5BE3;
		};
		FA662E561D3D1BC6009C5BE3 = {
			isa = PBXBuildFile;
			fileRef = FA662E4A1D3D1B83009C5BE3;
		};
		FA662E571D3D1BC6009C5BE3 = {
			isa = PBXBuildFile;
			fileRef = FA662E411D3D1B14009C5BE3;
		};
		FA6E52D51D0ADF3E00188489 = {
			isa = PBXBuildFile;
			fileRef = FA6E52D41D0ADF3E00188489;
		};
		FA8BCD6F1D7446D100A4CED9 = {
			isa = PBXBuildFile;
			fileRef = FA8BCD6E1D7446CF00A4CED9;
		};
		FA8BCD741D746C1E00A4CED9 = {
			isa = PBXBuildFile;
			fileRef = FA8BCD721D745CA500A4CED9;
		};
		FACC56321D182DA700028E6F = {
			isa = PBXBuildFile;
			fileRef = FACC56301D182D9B00028E6F;
		};
		FACDBD691D7ECA47005DEF91 = {
			isa = PBXBuildFile;
			fileRef = FACDBD681D7ECA3A005DEF91;
		};
/* End PBXBuildFile section */

/* Begin PBXContainerItemProxy section */
		00C302AB1ABCB8CE00DB3ED1 = {
			isa = PBXContainerItemProxy;
			containerPortal = 00C302A71ABCB8CE00DB3ED1;
			proxyType = 2;
			remoteGlobalIDString = 134814201AA4EA6300B7C361;
			remoteInfo = RCTActionSheet;
		};
		00C302B91ABCB90400DB3ED1 = {
			isa = PBXContainerItemProxy;
			containerPortal = 00C302B51ABCB90400DB3ED1;
			proxyType = 2;
			remoteGlobalIDString = 134814201AA4EA6300B7C361;
			remoteInfo = RCTGeolocation;
		};
		00C302BF1ABCB91800DB3ED1 = {
			isa = PBXContainerItemProxy;
			containerPortal = 00C302BB1ABCB91800DB3ED1;
			proxyType = 2;
			remoteGlobalIDString = 58B5115D1A9E6B3D00147676;
			remoteInfo = RCTImage;
		};
		00C302DB1ABCB9D200DB3ED1 = {
			isa = PBXContainerItemProxy;
			containerPortal = 00C302D31ABCB9D200DB3ED1;
			proxyType = 2;
			remoteGlobalIDString = 58B511DB1A9E6C8500147676;
			remoteInfo = RCTNetwork;
		};
		00C302E31ABCB9EE00DB3ED1 = {
			isa = PBXContainerItemProxy;
			containerPortal = 00C302DF1ABCB9EE00DB3ED1;
			proxyType = 2;
			remoteGlobalIDString = 832C81801AAF6DEF007FA2F7;
			remoteInfo = RCTVibration;
		};
		00E356F41AD99517003FC87E = {
			isa = PBXContainerItemProxy;
			containerPortal = 83CBB9F71A601CBA00E9B192;
			proxyType = 1;
			remoteGlobalIDString = 13B07F861A680F5B00A75B9A;
			remoteInfo = Crownstone;
		};
		139105C01AF99BAD00B5F7CC = {
			isa = PBXContainerItemProxy;
			containerPortal = 139105B61AF99BAD00B5F7CC;
			proxyType = 2;
			remoteGlobalIDString = 134814201AA4EA6300B7C361;
			remoteInfo = RCTSettings;
		};
		139FDEF31B06529B00C62182 = {
			isa = PBXContainerItemProxy;
			containerPortal = 139FDEE61B06529A00C62182;
			proxyType = 2;
			remoteGlobalIDString = 3C86DF461ADF2C930047B81A;
			remoteInfo = RCTWebSocket;
		};
		146834031AC3E56700842450 = {
			isa = PBXContainerItemProxy;
			containerPortal = 146833FF1AC3E56700842450;
			proxyType = 2;
			remoteGlobalIDString = 83CBBA2E1A601D0E00E9B192;
			remoteInfo = React;
		};
		78C398B81ACF4ADC00677621 = {
			isa = PBXContainerItemProxy;
			containerPortal = 78C398B01ACF4ADC00677621;
			proxyType = 2;
			remoteGlobalIDString = 134814201AA4EA6300B7C361;
			remoteInfo = RCTLinking;
		};
		832341B41AAA6A8300B99B32 = {
			isa = PBXContainerItemProxy;
			containerPortal = 832341B01AAA6A8300B99B32;
			proxyType = 2;
			remoteGlobalIDString = 58B5119B1A9E6C1200147676;
			remoteInfo = RCTText;
		};
		FA3F46E21CF7385600408E34 = {
			isa = PBXContainerItemProxy;
			containerPortal = F14D9B6A945E4484933B59E1;
			proxyType = 2;
			remoteGlobalIDString = 4107012F1ACB723B00C6AA39;
			remoteInfo = RCTCamera;
		};
		FA3F46E71CF7385600408E34 = {
			isa = PBXContainerItemProxy;
			containerPortal = F2FB7BB27E4E43A19DB305DE;
			proxyType = 2;
			remoteGlobalIDString = 5D72D2E81C16249000E22EC1;
			remoteInfo = RCTImageResizer;
		};
		FA3F46F11CF7385600408E34 = {
			isa = PBXContainerItemProxy;
			containerPortal = 6C562C6C63B540AFB6BE672B;
			proxyType = 2;
			remoteGlobalIDString = F12AFB9B1ADAF8F800E0535D;
			remoteInfo = RNFS;
		};
		FA3F46F61CF7385600408E34 = {
			isa = PBXContainerItemProxy;
			containerPortal = A50804197F024B8ABA619506;
			proxyType = 2;
			remoteGlobalIDString = 5DBEB1501B18CEA900B34395;
			remoteInfo = RNVectorIcons;
		};
		FA3F46FC1CF73C8C00408E34 = {
			isa = PBXContainerItemProxy;
			containerPortal = FA3F46F81CF73C8B00408E34;
			proxyType = 2;
			remoteGlobalIDString = 3245CDED1BFEE35C00EABF68;
			remoteInfo = RCTSplashScreen;
		};
		FA3F47191CF73CCD00408E34 = {
			isa = PBXContainerItemProxy;
			containerPortal = 6443C0F79333450BB53569F9;
			proxyType = 2;
			remoteGlobalIDString = 3245CDED1BFEE35C00EABF68;
			remoteInfo = RCTSplashScreen;
		};
		FA3F472A1CF7478400408E34 = {
			isa = PBXContainerItemProxy;
			containerPortal = FA3F47261CF7478300408E34;
			proxyType = 2;
			remoteGlobalIDString = 58B5115D1A9E6B3D00147676;
			remoteInfo = RCTCameraRoll;
		};
		FACC562F1D182D9B00028E6F = {
			isa = PBXContainerItemProxy;
			containerPortal = FACC561B1D182D9B00028E6F;
			proxyType = 2;
			remoteGlobalIDString = 0CF68AC11AF0540F00FF9E5C;
			remoteInfo = RNSVG;
		};
		FACDBD671D7ECA3A005DEF91 = {
			isa = PBXContainerItemProxy;
			containerPortal = FACDBD631D7ECA3A005DEF91;
			proxyType = 2;
			remoteGlobalIDString = DA5891D81BA9A9FC002B4DB2;
			remoteInfo = RNDeviceInfo;
		};
/* End PBXContainerItemProxy section */

/* Begin PBXFileReference section */
		008F07F21AC5B25A0029DE68 = {
			isa = PBXFileReference;
			fileEncoding = 4;
			lastKnownFileType = text;
			path = main.jsbundle;
			sourceTree = "<group>";
		};
		00C302A71ABCB8CE00DB3ED1 = {
			isa = PBXFileReference;
			lastKnownFileType = "wrapper.pb-project";
			name = RCTActionSheet.xcodeproj;
			path = "../node_modules/react-native/Libraries/ActionSheetIOS/RCTActionSheet.xcodeproj";
			sourceTree = "<group>";
		};
		00C302B51ABCB90400DB3ED1 = {
			isa = PBXFileReference;
			lastKnownFileType = "wrapper.pb-project";
			name = RCTGeolocation.xcodeproj;
			path = "../node_modules/react-native/Libraries/Geolocation/RCTGeolocation.xcodeproj";
			sourceTree = "<group>";
		};
		00C302BB1ABCB91800DB3ED1 = {
			isa = PBXFileReference;
			lastKnownFileType = "wrapper.pb-project";
			name = RCTImage.xcodeproj;
			path = "../node_modules/react-native/Libraries/Image/RCTImage.xcodeproj";
			sourceTree = "<group>";
		};
		00C302D31ABCB9D200DB3ED1 = {
			isa = PBXFileReference;
			lastKnownFileType = "wrapper.pb-project";
			name = RCTNetwork.xcodeproj;
			path = "../node_modules/react-native/Libraries/Network/RCTNetwork.xcodeproj";
			sourceTree = "<group>";
		};
		00C302DF1ABCB9EE00DB3ED1 = {
			isa = PBXFileReference;
			lastKnownFileType = "wrapper.pb-project";
			name = RCTVibration.xcodeproj;
			path = "../node_modules/react-native/Libraries/Vibration/RCTVibration.xcodeproj";
			sourceTree = "<group>";
		};
		00E356EE1AD99517003FC87E = {
			isa = PBXFileReference;
			explicitFileType = wrapper.cfbundle;
			includeInIndex = 0;
			path = CrownstoneTests.xctest;
			sourceTree = BUILT_PRODUCTS_DIR;
		};
		00E356F11AD99517003FC87E = {
			isa = PBXFileReference;
			lastKnownFileType = text.plist.xml;
			path = Info.plist;
			sourceTree = "<group>";
		};
		00E356F21AD99517003FC87E = {
			isa = PBXFileReference;
			lastKnownFileType = sourcecode.c.objc;
			path = CrownstoneTests.m;
			sourceTree = "<group>";
		};
		0175E699566D4B92A97D2696 = {
			isa = PBXFileReference;
			explicitFileType = undefined;
			fileEncoding = 9;
			includeInIndex = 0;
			lastKnownFileType = unknown;
			name = EvilIcons.ttf;
			path = "../../node_modules/react-native-vector-icons/Fonts/EvilIcons.ttf";
			sourceTree = "<group>";
		};
		139105B61AF99BAD00B5F7CC = {
			isa = PBXFileReference;
			lastKnownFileType = "wrapper.pb-project";
			name = RCTSettings.xcodeproj;
			path = "../node_modules/react-native/Libraries/Settings/RCTSettings.xcodeproj";
			sourceTree = "<group>";
		};
		139FDEE61B06529A00C62182 = {
			isa = PBXFileReference;
			lastKnownFileType = "wrapper.pb-project";
			name = RCTWebSocket.xcodeproj;
			path = "../node_modules/react-native/Libraries/WebSocket/RCTWebSocket.xcodeproj";
			sourceTree = "<group>";
		};
		13B07F961A680F5B00A75B9A = {
			isa = PBXFileReference;
			explicitFileType = wrapper.application;
			includeInIndex = 0;
			path = Crownstone.app;
			sourceTree = BUILT_PRODUCTS_DIR;
		};
		13B07FAF1A68108700A75B9A = {
			isa = PBXFileReference;
			fileEncoding = 4;
			lastKnownFileType = sourcecode.c.h;
			path = AppDelegate.h;
			sourceTree = "<group>";
		};
		13B07FB01A68108700A75B9A = {
			isa = PBXFileReference;
			fileEncoding = 4;
			lastKnownFileType = sourcecode.c.objc;
			path = AppDelegate.m;
			sourceTree = "<group>";
		};
		13B07FB51A68108700A75B9A = {
			isa = PBXFileReference;
			lastKnownFileType = folder.assetcatalog;
			path = Images.xcassets;
			sourceTree = "<group>";
		};
		13B07FB61A68108700A75B9A = {
			isa = PBXFileReference;
			fileEncoding = 4;
			lastKnownFileType = text.plist.xml;
			path = Info.plist;
			sourceTree = "<group>";
		};
		13B07FB71A68108700A75B9A = {
			isa = PBXFileReference;
			fileEncoding = 4;
			lastKnownFileType = sourcecode.c.objc;
			path = main.m;
			sourceTree = "<group>";
		};
		146833FF1AC3E56700842450 = {
			isa = PBXFileReference;
			lastKnownFileType = "wrapper.pb-project";
			name = React.xcodeproj;
			path = "../node_modules/react-native/React/React.xcodeproj";
			sourceTree = "<group>";
		};
		1F080E01998C4681B12169B2 = {
			isa = PBXFileReference;
			explicitFileType = undefined;
			fileEncoding = 9;
			includeInIndex = 0;
			lastKnownFileType = unknown;
			name = Entypo.ttf;
			path = "../../node_modules/react-native-vector-icons/Fonts/Entypo.ttf";
			sourceTree = "<group>";
		};
		450B815B98344712BBB045BE = {
			isa = PBXFileReference;
			explicitFileType = undefined;
			fileEncoding = 9;
			includeInIndex = 0;
			lastKnownFileType = archive.ar;
			path = libRCTCamera.a;
			sourceTree = "<group>";
		};
		6443C0F79333450BB53569F9 = {
			isa = PBXFileReference;
			explicitFileType = undefined;
			fileEncoding = 9;
			includeInIndex = 0;
			lastKnownFileType = "wrapper.pb-project";
			name = RCTSplashScreen.xcodeproj;
			path = "../node_modules/@remobile/react-native-splashscreen/ios/RCTSplashScreen.xcodeproj";
			sourceTree = "<group>";
		};
		69BCC256F9794EB0B5F8CD8D = {
			isa = PBXFileReference;
			explicitFileType = undefined;
			fileEncoding = 9;
			includeInIndex = 0;
			lastKnownFileType = unknown;
			name = FontAwesome.ttf;
			path = "../../node_modules/react-native-vector-icons/Fonts/FontAwesome.ttf";
			sourceTree = "<group>";
		};
		6C562C6C63B540AFB6BE672B = {
			isa = PBXFileReference;
			explicitFileType = undefined;
			fileEncoding = 9;
			includeInIndex = 0;
			lastKnownFileType = "wrapper.pb-project";
			name = RNFS.xcodeproj;
			path = "../node_modules/react-native-fs/RNFS.xcodeproj";
			sourceTree = "<group>";
		};
		78C398B01ACF4ADC00677621 = {
			isa = PBXFileReference;
			lastKnownFileType = "wrapper.pb-project";
			name = RCTLinking.xcodeproj;
			path = "../node_modules/react-native/Libraries/LinkingIOS/RCTLinking.xcodeproj";
			sourceTree = "<group>";
		};
		800FBA6C2CB84BF4B161A257 = {
			isa = PBXFileReference;
			explicitFileType = undefined;
			fileEncoding = 9;
			includeInIndex = 0;
			lastKnownFileType = unknown;
			name = Foundation.ttf;
			path = "../../node_modules/react-native-vector-icons/Fonts/Foundation.ttf";
			sourceTree = "<group>";
		};
		832341B01AAA6A8300B99B32 = {
			isa = PBXFileReference;
			lastKnownFileType = "wrapper.pb-project";
			name = RCTText.xcodeproj;
			path = "../node_modules/react-native/Libraries/Text/RCTText.xcodeproj";
			sourceTree = "<group>";
		};
		98DFE396B4864F8A928EF8FA = {
			isa = PBXFileReference;
			explicitFileType = undefined;
			fileEncoding = 9;
			includeInIndex = 0;
			lastKnownFileType = archive.ar;
			path = libRCTImageResizer.a;
			sourceTree = "<group>";
		};
		9A0395D3B04F41FDA243B0A7 = {
			isa = PBXFileReference;
			explicitFileType = undefined;
			fileEncoding = 9;
			includeInIndex = 0;
			lastKnownFileType = archive.ar;
			path = libRNVectorIcons.a;
			sourceTree = "<group>";
		};
		9A7B31EFD0E245169F4059D1 = {
			isa = PBXFileReference;
			explicitFileType = undefined;
			fileEncoding = 9;
			includeInIndex = 0;
			lastKnownFileType = unknown;
			name = MaterialIcons.ttf;
			path = "../../node_modules/react-native-vector-icons/Fonts/MaterialIcons.ttf";
			sourceTree = "<group>";
		};
		9D9ED540D1794AE6BCFE4756 = {
			isa = PBXFileReference;
			explicitFileType = undefined;
			fileEncoding = 9;
			includeInIndex = 0;
			lastKnownFileType = unknown;
			name = Zocial.ttf;
			path = "../../node_modules/react-native-vector-icons/Fonts/Zocial.ttf";
			sourceTree = "<group>";
		};
		A50804197F024B8ABA619506 = {
			isa = PBXFileReference;
			explicitFileType = undefined;
			fileEncoding = 9;
			includeInIndex = 0;
			lastKnownFileType = "wrapper.pb-project";
			name = RNVectorIcons.xcodeproj;
			path = "../node_modules/react-native-vector-icons/RNVectorIcons.xcodeproj";
			sourceTree = "<group>";
		};
		F14D9B6A945E4484933B59E1 = {
			isa = PBXFileReference;
			explicitFileType = undefined;
			fileEncoding = 9;
			includeInIndex = 0;
			lastKnownFileType = "wrapper.pb-project";
			name = RCTCamera.xcodeproj;
			path = "../node_modules/react-native-camera/ios/RCTCamera.xcodeproj";
			sourceTree = "<group>";
		};
		F2FB7BB27E4E43A19DB305DE = {
			isa = PBXFileReference;
			explicitFileType = undefined;
			fileEncoding = 9;
			includeInIndex = 0;
			lastKnownFileType = "wrapper.pb-project";
			name = RCTImageResizer.xcodeproj;
			path = "../node_modules/react-native-image-resizer/ios/RCTImageResizer.xcodeproj";
			sourceTree = "<group>";
		};
		F73F7A9D896A46C299611037 = {
			isa = PBXFileReference;
			explicitFileType = undefined;
			fileEncoding = 9;
			includeInIndex = 0;
			lastKnownFileType = unknown;
			name = Octicons.ttf;
			path = "../../node_modules/react-native-vector-icons/Fonts/Octicons.ttf";
			sourceTree = "<group>";
		};
		FA3F46F81CF73C8B00408E34 = {
			isa = PBXFileReference;
			lastKnownFileType = "wrapper.pb-project";
			name = RCTSplashScreen.xcodeproj;
			path = "../node_modules/@remobile/react-native-splashscreen/ios/RCTSplashScreen.xcodeproj";
			sourceTree = "<group>";
		};
		FA3F47221CF73D3600408E34 = {
			isa = PBXFileReference;
			fileEncoding = 4;
			lastKnownFileType = file.xib;
			name = LaunchScreen.xib;
			path = "../../node_modules/@remobile/react-native-splashscreen/ios/RCTSplashScreen/SplashScreenResource/LaunchScreen.xib";
			sourceTree = "<group>";
		};
		FA3F47241CF73D7200408E34 = {
			isa = PBXFileReference;
			lastKnownFileType = image.png;
			name = splash.png;
			path = ../../js/images/splash.png;
			sourceTree = "<group>";
		};
		FA3F47261CF7478300408E34 = {
			isa = PBXFileReference;
			lastKnownFileType = "wrapper.pb-project";
			name = RCTCameraRoll.xcodeproj;
			path = "../node_modules/react-native/Libraries/CameraRoll/RCTCameraRoll.xcodeproj";
			sourceTree = "<group>";
		};
		FA4A09EC1D09BD87005753CE = {
			isa = PBXFileReference;
			lastKnownFileType = sourcecode.c.h;
			name = "Crownstone-Bridging-Header.h";
			path = "Crownstone/Crownstone-Bridging-Header.h";
			sourceTree = "<group>";
		};
		FA4A09ED1D09BD87005753CE = {
			isa = PBXFileReference;
			fileEncoding = 4;
			lastKnownFileType = sourcecode.swift;
			path = bluenetIntegration.swift;
			sourceTree = "<group>";
		};
		FA4A0A041D09C1DF005753CE = {
			isa = PBXFileReference;
			fileEncoding = 4;
			lastKnownFileType = sourcecode.c.objc;
			path = NativeBridge.m;
			sourceTree = "<group>";
		};
		FA4A0A061D09C2BA005753CE = {
			isa = PBXFileReference;
			fileEncoding = 4;
			lastKnownFileType = text;
			path = Cartfile;
			sourceTree = "<group>";
		};
		FA4A0A131D09CF2D005753CE = {
			isa = PBXFileReference;
			lastKnownFileType = sourcecode.c.h;
			path = NativeBridge.h;
			sourceTree = "<group>";
		};
		FA577C8E1D7F1D7E00B63970 = {
			isa = PBXFileReference;
			lastKnownFileType = text.plist.xml;
			name = "Crownstone copy-Info.plist";
			path = "/Users/alex/Dropbox/DoBots/Projects/CrownstoneApp/ios/Crownstone copy-Info.plist";
			sourceTree = "<absolute>";
		};
		FA662E411D3D1B14009C5BE3 = {
			isa = PBXFileReference;
			lastKnownFileType = wrapper.framework;
			name = BluenetLibIOS.framework;
			path = Carthage/Build/iOS/BluenetLibIOS.framework;
			sourceTree = "<group>";
		};
		FA662E481D3D1B83009C5BE3 = {
			isa = PBXFileReference;
			lastKnownFileType = wrapper.framework;
			name = CryptoSwift.framework;
			path = Carthage/Build/iOS/CryptoSwift.framework;
			sourceTree = "<group>";
		};
		FA662E491D3D1B83009C5BE3 = {
			isa = PBXFileReference;
			lastKnownFileType = wrapper.framework;
			name = PromiseKit.framework;
			path = Carthage/Build/iOS/PromiseKit.framework;
			sourceTree = "<group>";
		};
		FA662E4A1D3D1B83009C5BE3 = {
			isa = PBXFileReference;
			lastKnownFileType = wrapper.framework;
			name = SwiftyJSON.framework;
			path = Carthage/Build/iOS/SwiftyJSON.framework;
			sourceTree = "<group>";
		};
		FA6E52D41D0ADF3E00188489 = {
			isa = PBXFileReference;
			fileEncoding = 4;
			lastKnownFileType = sourcecode.swift;
			path = JSONUtils.swift;
			sourceTree = "<group>";
		};
		FA8BCD6E1D7446CF00A4CED9 = {
			isa = PBXFileReference;
			lastKnownFileType = file;
			name = Crownstone.ttf;
			path = ../../js/fonts/Crownstone.ttf;
			sourceTree = "<group>";
		};
		FA8BCD721D745CA500A4CED9 = {
			isa = PBXFileReference;
			lastKnownFileType = file;
			name = CustomIcons.ttf;
			path = ../../js/fonts/CustomIcons.ttf;
			sourceTree = "<group>";
		};
		FACC561B1D182D9B00028E6F = {
			isa = PBXFileReference;
			lastKnownFileType = "wrapper.pb-project";
			name = RNSVG.xcodeproj;
			path = "../node_modules/react-native-svg/ios/RNSVG.xcodeproj";
			sourceTree = "<group>";
		};
		FACDBD631D7ECA3A005DEF91 = {
			isa = PBXFileReference;
			lastKnownFileType = "wrapper.pb-project";
			name = RNDeviceInfo.xcodeproj;
			path = "../node_modules/react-native-device-info/RNDeviceInfo.xcodeproj";
			sourceTree = "<group>";
		};
		FAFB4C651D1D407200DDE95E = {
			isa = PBXFileReference;
			lastKnownFileType = text.xml;
			path = Crownstone.entitlements;
			sourceTree = "<group>";
		};
		FB84202DEE984E47A75A4CB2 = {
			isa = PBXFileReference;
			explicitFileType = undefined;
			fileEncoding = 9;
			includeInIndex = 0;
			lastKnownFileType = unknown;
			name = Ionicons.ttf;
			path = "../../node_modules/react-native-vector-icons/Fonts/Ionicons.ttf";
			sourceTree = "<group>";
		};
		FD57DF026A8B4393B71098CB = {
			isa = PBXFileReference;
			explicitFileType = undefined;
			fileEncoding = 9;
			includeInIndex = 0;
			lastKnownFileType = archive.ar;
			path = libRNFS.a;
			sourceTree = "<group>";
		};
/* End PBXFileReference section */

/* Begin PBXFrameworksBuildPhase section */
		00E356EB1AD99517003FC87E = {
			isa = PBXFrameworksBuildPhase;
			buildActionMask = 2147483647;
			files = (
			);
			runOnlyForDeploymentPostprocessing = 0;
		};
		13B07F8C1A680F5B00A75B9A = {
			isa = PBXFrameworksBuildPhase;
			buildActionMask = 2147483647;
			files = (
				FA662E541D3D1BC6009C5BE3,
				FA662E551D3D1BC6009C5BE3,
				FA662E561D3D1BC6009C5BE3,
				FA662E571D3D1BC6009C5BE3,
				FACDBD691D7ECA47005DEF91,
				FA3F472C1CF747D000408E34,
				146834051AC3E58100842450,
				00C302E51ABCBA2D00DB3ED1,
				00C302E71ABCBA2D00DB3ED1,
				00C302E81ABCBA2D00DB3ED1,
				133E29F31AD74F7200F7D852,
				00C302E91ABCBA2D00DB3ED1,
				139105C61AF99C1200B5F7CC,
				832341BD1AAA6AB300B99B32,
				00C302EA1ABCBA2D00DB3ED1,
				139FDEF61B0652A700C62182,
				FACC56321D182DA700028E6F,
				AEDF75A5278A4ED19005F8EE,
				4CF561DF1D0745FE99B9C30C,
				3538F29E35E64460B0130755,
				0647CA2DBCCC4BD3BCA1D4B9,
				FA3F47211CF73CE000408E34,
			);
			runOnlyForDeploymentPostprocessing = 0;
		};
/* End PBXFrameworksBuildPhase section */

/* Begin PBXGroup section */
		00C302A81ABCB8CE00DB3ED1 = {
			isa = PBXGroup;
			children = (
				00C302AC1ABCB8CE00DB3ED1,
			);
			name = Products;
			sourceTree = "<group>";
		};
		00C302B61ABCB90400DB3ED1 = {
			isa = PBXGroup;
			children = (
				00C302BA1ABCB90400DB3ED1,
			);
			name = Products;
			sourceTree = "<group>";
		};
		00C302BC1ABCB91800DB3ED1 = {
			isa = PBXGroup;
			children = (
				00C302C01ABCB91800DB3ED1,
			);
			name = Products;
			sourceTree = "<group>";
		};
		00C302D41ABCB9D200DB3ED1 = {
			isa = PBXGroup;
			children = (
				00C302DC1ABCB9D200DB3ED1,
			);
			name = Products;
			sourceTree = "<group>";
		};
		00C302E01ABCB9EE00DB3ED1 = {
			isa = PBXGroup;
			children = (
				00C302E41ABCB9EE00DB3ED1,
			);
			name = Products;
			sourceTree = "<group>";
		};
		00E356EF1AD99517003FC87E = {
			isa = PBXGroup;
			children = (
				00E356F01AD99517003FC87E,
				00E356F21AD99517003FC87E,
			);
			path = CrownstoneTests;
			sourceTree = "<group>";
		};
		00E356F01AD99517003FC87E = {
			isa = PBXGroup;
			children = (
				00E356F11AD99517003FC87E,
			);
			path = "Supporting Files";
			sourceTree = "<group>";
		};
		139105B71AF99BAD00B5F7CC = {
			isa = PBXGroup;
			children = (
				139105C11AF99BAD00B5F7CC,
			);
			name = Products;
			sourceTree = "<group>";
		};
		139FDEE71B06529A00C62182 = {
			isa = PBXGroup;
			children = (
				139FDEF41B06529B00C62182,
			);
			name = Products;
			sourceTree = "<group>";
		};
		13B07FAE1A68108700A75B9A = {
			isa = PBXGroup;
			children = (
				13B07FAF1A68108700A75B9A,
				13B07FB01A68108700A75B9A,
				FAFB4C651D1D407200DDE95E,
				FA8BCD6E1D7446CF00A4CED9,
				FA8BCD721D745CA500A4CED9,
				13B07FB51A68108700A75B9A,
				13B07FB61A68108700A75B9A,
				FA6E52D41D0ADF3E00188489,
				FA3F47221CF73D3600408E34,
				FA4A0A131D09CF2D005753CE,
				FA4A0A041D09C1DF005753CE,
				FA4A09ED1D09BD87005753CE,
				008F07F21AC5B25A0029DE68,
				13B07FB71A68108700A75B9A,
				FA3F47241CF73D7200408E34,
			);
			path = Crownstone;
			sourceTree = "<group>";
		};
		146834001AC3E56700842450 = {
			isa = PBXGroup;
			children = (
				146834041AC3E56700842450,
			);
			name = Products;
			sourceTree = "<group>";
		};
		78C398B11ACF4ADC00677621 = {
			isa = PBXGroup;
			children = (
				78C398B91ACF4ADC00677621,
			);
			name = Products;
			sourceTree = "<group>";
		};
		832341AE1AAA6A7D00B99B32 = {
			isa = PBXGroup;
			children = (
				FACDBD631D7ECA3A005DEF91,
				FACC561B1D182D9B00028E6F,
				FA3F47261CF7478300408E34,
				146833FF1AC3E56700842450,
				00C302A71ABCB8CE00DB3ED1,
				00C302B51ABCB90400DB3ED1,
				00C302BB1ABCB91800DB3ED1,
				78C398B01ACF4ADC00677621,
				00C302D31ABCB9D200DB3ED1,
				139105B61AF99BAD00B5F7CC,
				832341B01AAA6A8300B99B32,
				00C302DF1ABCB9EE00DB3ED1,
				139FDEE61B06529A00C62182,
				F14D9B6A945E4484933B59E1,
				6C562C6C63B540AFB6BE672B,
				F2FB7BB27E4E43A19DB305DE,
				A50804197F024B8ABA619506,
				6443C0F79333450BB53569F9,
			);
			name = Libraries;
			sourceTree = "<group>";
		};
		832341B11AAA6A8300B99B32 = {
			isa = PBXGroup;
			children = (
				832341B51AAA6A8300B99B32,
			);
			name = Products;
			sourceTree = "<group>";
		};
		83CBB9F61A601CBA00E9B192 = {
			isa = PBXGroup;
			children = (
				13B07FAE1A68108700A75B9A,
				00E356EF1AD99517003FC87E,
				832341AE1AAA6A7D00B99B32,
				83CBBA001A601CBA00E9B192,
				FC9894E6A5244B579E3B0421,
				FA662E411D3D1B14009C5BE3,
				FA4A0A061D09C2BA005753CE,
				FA577C8E1D7F1D7E00B63970,
				FA4A09EC1D09BD87005753CE,
				FA662E481D3D1B83009C5BE3,
				FA662E491D3D1B83009C5BE3,
				FA3F46F81CF73C8B00408E34,
				FA662E4A1D3D1B83009C5BE3,
			);
			indentWidth = 2;
			sourceTree = "<group>";
			tabWidth = 2;
		};
		83CBBA001A601CBA00E9B192 = {
			isa = PBXGroup;
			children = (
				13B07F961A680F5B00A75B9A,
				00E356EE1AD99517003FC87E,
			);
			name = Products;
			sourceTree = "<group>";
		};
		FA3F46DA1CF7385600408E34 = {
			isa = PBXGroup;
			children = (
				FA3F46E31CF7385600408E34,
			);
			name = Products;
			sourceTree = "<group>";
		};
		FA3F46DC1CF7385600408E34 = {
			isa = PBXGroup;
			children = (
				FA3F46F21CF7385600408E34,
			);
			name = Products;
			sourceTree = "<group>";
		};
		FA3F46DE1CF7385600408E34 = {
			isa = PBXGroup;
			children = (
				FA3F46E81CF7385600408E34,
			);
			name = Products;
			sourceTree = "<group>";
		};
		FA3F46F31CF7385600408E34 = {
			isa = PBXGroup;
			children = (
				FA3F46F71CF7385600408E34,
			);
			name = Products;
			sourceTree = "<group>";
		};
		FA3F46F91CF73C8B00408E34 = {
			isa = PBXGroup;
			children = (
				FA3F46FD1CF73C8C00408E34,
			);
			name = Products;
			sourceTree = "<group>";
		};
		FA3F470D1CF73CCD00408E34 = {
			isa = PBXGroup;
			children = (
				FA3F471A1CF73CCD00408E34,
			);
			name = Products;
			sourceTree = "<group>";
		};
		FA3F47271CF7478300408E34 = {
			isa = PBXGroup;
			children = (
				FA3F472B1CF7478400408E34,
			);
			name = Products;
			sourceTree = "<group>";
		};
		FACC561C1D182D9B00028E6F = {
			isa = PBXGroup;
			children = (
				FACC56301D182D9B00028E6F,
			);
			name = Products;
			sourceTree = "<group>";
		};
		FACDBD641D7ECA3A005DEF91 = {
			isa = PBXGroup;
			children = (
				FACDBD681D7ECA3A005DEF91,
			);
			name = Products;
			sourceTree = "<group>";
		};
		FC9894E6A5244B579E3B0421 = {
			isa = PBXGroup;
			children = (
				1F080E01998C4681B12169B2,
				0175E699566D4B92A97D2696,
				69BCC256F9794EB0B5F8CD8D,
				800FBA6C2CB84BF4B161A257,
				FB84202DEE984E47A75A4CB2,
				9A7B31EFD0E245169F4059D1,
				F73F7A9D896A46C299611037,
				9D9ED540D1794AE6BCFE4756,
			);
			path = Resources;
			sourceTree = "<group>";
		};
/* End PBXGroup section */

/* Begin PBXNativeTarget section */
		00E356ED1AD99517003FC87E = {
			isa = PBXNativeTarget;
			buildConfigurationList = 00E357021AD99517003FC87E;
			buildPhases = (
				00E356EA1AD99517003FC87E,
				00E356EB1AD99517003FC87E,
				00E356EC1AD99517003FC87E,
			);
			buildRules = (
			);
			dependencies = (
				00E356F51AD99517003FC87E,
			);
			name = CrownstoneTests;
			productName = CrownstoneTests;
			productReference = 00E356EE1AD99517003FC87E;
			productType = "com.apple.product-type.bundle.unit-test";
		};
		13B07F861A680F5B00A75B9A = {
			isa = PBXNativeTarget;
			buildConfigurationList = 13B07F931A680F5B00A75B9A;
			buildPhases = (
				13B07F871A680F5B00A75B9A,
				13B07F8C1A680F5B00A75B9A,
				13B07F8E1A680F5B00A75B9A,
				00DD1BFF1BD5951E006B06BC,
				FACDBD541D7EC520005DEF91,
				FACDBD551D7EC529005DEF91,
			);
			buildRules = (
			);
			dependencies = (
			);
			name = Crownstone;
			productName = "Hello World";
			productReference = 13B07F961A680F5B00A75B9A;
			productType = "com.apple.product-type.application";
		};
/* End PBXNativeTarget section */

/* Begin PBXProject section */
		83CBB9F71A601CBA00E9B192 = {
			isa = PBXProject;
			attributes = {
				LastSwiftUpdateCheck = 0730;
				LastUpgradeCheck = 0730;
				ORGANIZATIONNAME = Facebook;
				TargetAttributes = {
					00E356ED1AD99517003FC87E = {
						CreatedOnToolsVersion = 6.2;
						TestTargetID = 13B07F861A680F5B00A75B9A;
					};
					13B07F861A680F5B00A75B9A = {
						DevelopmentTeam = 6LYJ9PNC3V;
						SystemCapabilities = {
							com.apple.ApplicationGroups.iOS = {
								enabled = 0;
							};
						};
					};
				};
			};
			buildConfigurationList = 83CBB9FA1A601CBA00E9B192;
			compatibilityVersion = "Xcode 3.2";
			developmentRegion = English;
			hasScannedForEncodings = 0;
			knownRegions = (
				en,
				Base,
			);
			mainGroup = 83CBB9F61A601CBA00E9B192;
			productRefGroup = 83CBBA001A601CBA00E9B192;
			projectDirPath = "";
			projectReferences = (
				{
					ProductGroup = 00C302A81ABCB8CE00DB3ED1;
					ProjectRef = 00C302A71ABCB8CE00DB3ED1;
				},
				{
					ProductGroup = FA3F46DA1CF7385600408E34;
					ProjectRef = F14D9B6A945E4484933B59E1;
				},
				{
					ProductGroup = FA3F47271CF7478300408E34;
					ProjectRef = FA3F47261CF7478300408E34;
				},
				{
					ProductGroup = 00C302B61ABCB90400DB3ED1;
					ProjectRef = 00C302B51ABCB90400DB3ED1;
				},
				{
					ProductGroup = 00C302BC1ABCB91800DB3ED1;
					ProjectRef = 00C302BB1ABCB91800DB3ED1;
				},
				{
					ProductGroup = FA3F46DE1CF7385600408E34;
					ProjectRef = F2FB7BB27E4E43A19DB305DE;
				},
				{
					ProductGroup = 78C398B11ACF4ADC00677621;
					ProjectRef = 78C398B01ACF4ADC00677621;
				},
				{
					ProductGroup = 00C302D41ABCB9D200DB3ED1;
					ProjectRef = 00C302D31ABCB9D200DB3ED1;
				},
				{
					ProductGroup = 139105B71AF99BAD00B5F7CC;
					ProjectRef = 139105B61AF99BAD00B5F7CC;
				},
				{
					ProductGroup = FA3F46F91CF73C8B00408E34;
					ProjectRef = FA3F46F81CF73C8B00408E34;
				},
				{
					ProductGroup = FA3F470D1CF73CCD00408E34;
					ProjectRef = 6443C0F79333450BB53569F9;
				},
				{
					ProductGroup = 832341B11AAA6A8300B99B32;
					ProjectRef = 832341B01AAA6A8300B99B32;
				},
				{
					ProductGroup = 00C302E01ABCB9EE00DB3ED1;
					ProjectRef = 00C302DF1ABCB9EE00DB3ED1;
				},
				{
					ProductGroup = 139FDEE71B06529A00C62182;
					ProjectRef = 139FDEE61B06529A00C62182;
				},
				{
					ProductGroup = 146834001AC3E56700842450;
					ProjectRef = 146833FF1AC3E56700842450;
				},
				{
					ProductGroup = FACDBD641D7ECA3A005DEF91;
					ProjectRef = FACDBD631D7ECA3A005DEF91;
				},
				{
					ProductGroup = FA3F46DC1CF7385600408E34;
					ProjectRef = 6C562C6C63B540AFB6BE672B;
				},
				{
					ProductGroup = FACC561C1D182D9B00028E6F;
					ProjectRef = FACC561B1D182D9B00028E6F;
				},
				{
					ProductGroup = FA3F46F31CF7385600408E34;
					ProjectRef = A50804197F024B8ABA619506;
				},
			);
			projectRoot = "";
			targets = (
				13B07F861A680F5B00A75B9A,
				00E356ED1AD99517003FC87E,
			);
		};
/* End PBXProject section */

/* Begin PBXReferenceProxy section */
		00C302AC1ABCB8CE00DB3ED1 = {
			isa = PBXReferenceProxy;
			fileType = archive.ar;
			path = libRCTActionSheet.a;
			remoteRef = 00C302AB1ABCB8CE00DB3ED1;
			sourceTree = BUILT_PRODUCTS_DIR;
		};
		00C302BA1ABCB90400DB3ED1 = {
			isa = PBXReferenceProxy;
			fileType = archive.ar;
			path = libRCTGeolocation.a;
			remoteRef = 00C302B91ABCB90400DB3ED1;
			sourceTree = BUILT_PRODUCTS_DIR;
		};
		00C302C01ABCB91800DB3ED1 = {
			isa = PBXReferenceProxy;
			fileType = archive.ar;
			path = libRCTImage.a;
			remoteRef = 00C302BF1ABCB91800DB3ED1;
			sourceTree = BUILT_PRODUCTS_DIR;
		};
		00C302DC1ABCB9D200DB3ED1 = {
			isa = PBXReferenceProxy;
			fileType = archive.ar;
			path = libRCTNetwork.a;
			remoteRef = 00C302DB1ABCB9D200DB3ED1;
			sourceTree = BUILT_PRODUCTS_DIR;
		};
		00C302E41ABCB9EE00DB3ED1 = {
			isa = PBXReferenceProxy;
			fileType = archive.ar;
			path = libRCTVibration.a;
			remoteRef = 00C302E31ABCB9EE00DB3ED1;
			sourceTree = BUILT_PRODUCTS_DIR;
		};
		139105C11AF99BAD00B5F7CC = {
			isa = PBXReferenceProxy;
			fileType = archive.ar;
			path = libRCTSettings.a;
			remoteRef = 139105C01AF99BAD00B5F7CC;
			sourceTree = BUILT_PRODUCTS_DIR;
		};
		139FDEF41B06529B00C62182 = {
			isa = PBXReferenceProxy;
			fileType = archive.ar;
			path = libRCTWebSocket.a;
			remoteRef = 139FDEF31B06529B00C62182;
			sourceTree = BUILT_PRODUCTS_DIR;
		};
		146834041AC3E56700842450 = {
			isa = PBXReferenceProxy;
			fileType = archive.ar;
			path = libReact.a;
			remoteRef = 146834031AC3E56700842450;
			sourceTree = BUILT_PRODUCTS_DIR;
		};
		78C398B91ACF4ADC00677621 = {
			isa = PBXReferenceProxy;
			fileType = archive.ar;
			path = libRCTLinking.a;
			remoteRef = 78C398B81ACF4ADC00677621;
			sourceTree = BUILT_PRODUCTS_DIR;
		};
		832341B51AAA6A8300B99B32 = {
			isa = PBXReferenceProxy;
			fileType = archive.ar;
			path = libRCTText.a;
			remoteRef = 832341B41AAA6A8300B99B32;
			sourceTree = BUILT_PRODUCTS_DIR;
		};
		FA3F46E31CF7385600408E34 = {
			isa = PBXReferenceProxy;
			fileType = archive.ar;
			path = libRCTCamera.a;
			remoteRef = FA3F46E21CF7385600408E34;
			sourceTree = BUILT_PRODUCTS_DIR;
		};
		FA3F46E81CF7385600408E34 = {
			isa = PBXReferenceProxy;
			fileType = archive.ar;
			path = libRCTImageResizer.a;
			remoteRef = FA3F46E71CF7385600408E34;
			sourceTree = BUILT_PRODUCTS_DIR;
		};
		FA3F46F21CF7385600408E34 = {
			isa = PBXReferenceProxy;
			fileType = archive.ar;
			path = libRNFS.a;
			remoteRef = FA3F46F11CF7385600408E34;
			sourceTree = BUILT_PRODUCTS_DIR;
		};
		FA3F46F71CF7385600408E34 = {
			isa = PBXReferenceProxy;
			fileType = archive.ar;
			path = libRNVectorIcons.a;
			remoteRef = FA3F46F61CF7385600408E34;
			sourceTree = BUILT_PRODUCTS_DIR;
		};
		FA3F46FD1CF73C8C00408E34 = {
			isa = PBXReferenceProxy;
			fileType = archive.ar;
			path = libRCTSplashScreen.a;
			remoteRef = FA3F46FC1CF73C8C00408E34;
			sourceTree = BUILT_PRODUCTS_DIR;
		};
		FA3F471A1CF73CCD00408E34 = {
			isa = PBXReferenceProxy;
			fileType = archive.ar;
			path = libRCTSplashScreen.a;
			remoteRef = FA3F47191CF73CCD00408E34;
			sourceTree = BUILT_PRODUCTS_DIR;
		};
		FA3F472B1CF7478400408E34 = {
			isa = PBXReferenceProxy;
			fileType = archive.ar;
			path = libRCTCameraRoll.a;
			remoteRef = FA3F472A1CF7478400408E34;
			sourceTree = BUILT_PRODUCTS_DIR;
		};
		FACC56301D182D9B00028E6F = {
			isa = PBXReferenceProxy;
			fileType = archive.ar;
			path = libRNSVG.a;
			remoteRef = FACC562F1D182D9B00028E6F;
			sourceTree = BUILT_PRODUCTS_DIR;
		};
		FACDBD681D7ECA3A005DEF91 = {
			isa = PBXReferenceProxy;
			fileType = archive.ar;
			path = libRNDeviceInfo.a;
			remoteRef = FACDBD671D7ECA3A005DEF91;
			sourceTree = BUILT_PRODUCTS_DIR;
		};
/* End PBXReferenceProxy section */

/* Begin PBXResourcesBuildPhase section */
		00E356EC1AD99517003FC87E = {
			isa = PBXResourcesBuildPhase;
			buildActionMask = 2147483647;
			files = (
			);
			runOnlyForDeploymentPostprocessing = 0;
		};
		13B07F8E1A680F5B00A75B9A = {
			isa = PBXResourcesBuildPhase;
			buildActionMask = 2147483647;
			files = (
				FA8BCD741D746C1E00A4CED9,
				FA8BCD6F1D7446D100A4CED9,
				FA3F47231CF73D3600408E34,
				13B07FBF1A68108700A75B9A,
				512E964294A94E34B1EE993A,
				3DC56834D904463C98A6A97A,
				C0EA02FA19904884858E7A86,
				3BADC097F9F14340A8B56946,
				E0694268802948AAAB438DD7,
				2C63102E23584E8885F4BCBA,
				FA3F47251CF73D7200408E34,
				34AD4240BA674522A4B4EBEB,
				5C14268A88E54B1D9870E150,
			);
			runOnlyForDeploymentPostprocessing = 0;
		};
/* End PBXResourcesBuildPhase section */

/* Begin PBXShellScriptBuildPhase section */
		00DD1BFF1BD5951E006B06BC = {
			isa = PBXShellScriptBuildPhase;
			buildActionMask = 2147483647;
			files = (
			);
			inputPaths = (
			);
			name = "Bundle React Native code and images";
			outputPaths = (
			);
			runOnlyForDeploymentPostprocessing = 0;
			shellPath = /bin/sh;
			shellScript = "export NODE_BINARY=node\n../node_modules/react-native/packager/react-native-xcode.sh";
		};
		FACDBD541D7EC520005DEF91 = {
			isa = PBXShellScriptBuildPhase;
			buildActionMask = 2147483647;
			files = (
			);
			inputPaths = (
			);
			name = "Run Script";
			outputPaths = (
			);
			runOnlyForDeploymentPostprocessing = 0;
			shellPath = /bin/sh;
			shellScript = "APP_PATH=\"${TARGET_BUILD_DIR}/${WRAPPER_NAME}\"\n\n# This script loops through the frameworks embedded in the application and\n# removes unused architectures.\n#find \"$APP_PATH\" -name '*.framework' -type d | while read -r FRAMEWORK\n#do\n#FRAMEWORK_EXECUTABLE_NAME=$(defaults read \"$FRAMEWORK/Info.plist\" CFBundleExecutable)\n#FRAMEWORK_EXECUTABLE_PATH=\"$FRAMEWORK/$FRAMEWORK_EXECUTABLE_NAME\"\n#echo \"Executable is $FRAMEWORK_EXECUTABLE_PATH\"\n\n#EXTRACTED_ARCHS=()\n\n#for ARCH in $ARCHS\n#do\n#echo \"Extracting $ARCH from $FRAMEWORK_EXECUTABLE_NAME\"\n#lipo -extract \"$ARCH\" \"$FRAMEWORK_EXECUTABLE_PATH\" -o \"$FRAMEWORK_EXECUTABLE_PATH-$ARCH\"\n#EXTRACTED_ARCHS+=(\"$FRAMEWORK_EXECUTABLE_PATH-$ARCH\")\n#done\n\n#echo \"Merging extracted architectures: ${ARCHS}\"\n#lipo -o \"$FRAMEWORK_EXECUTABLE_PATH-merged\" -create \"${EXTRACTED_ARCHS[@]}\"\n#rm \"${EXTRACTED_ARCHS[@]}\"\n\n#echo \"Replacing original executable with thinned version\"\n#rm \"$FRAMEWORK_EXECUTABLE_PATH\"\n#mv \"$FRAMEWORK_EXECUTABLE_PATH-merged\" \"$FRAMEWORK_EXECUTABLE_PATH\"\n\n#done";
		};
		FACDBD551D7EC529005DEF91 = {
			isa = PBXShellScriptBuildPhase;
			buildActionMask = 2147483647;
			files = (
			);
			inputPaths = (
				"$(SRCROOT)/Carthage/Build/iOS/CryptoSwift.framework",
				"$(SRCROOT)/Carthage/Build/iOS/PromiseKit.framework",
				"$(SRCROOT)/Carthage/Build/iOS/SwiftyJSON.framework",
				"$(SRCROOT)/Carthage/Build/iOS/BluenetLibIOS.framework",
			);
			outputPaths = (
			);
			runOnlyForDeploymentPostprocessing = 0;
			shellPath = /bin/sh;
			shellScript = "/usr/local/bin/carthage copy-frameworks";
		};
/* End PBXShellScriptBuildPhase section */

/* Begin PBXSourcesBuildPhase section */
		00E356EA1AD99517003FC87E = {
			isa = PBXSourcesBuildPhase;
			buildActionMask = 2147483647;
			files = (
				00E356F31AD99517003FC87E,
			);
			runOnlyForDeploymentPostprocessing = 0;
		};
		13B07F871A680F5B00A75B9A = {
			isa = PBXSourcesBuildPhase;
			buildActionMask = 2147483647;
			files = (
				FA4A09EE1D09BD87005753CE,
				FA4A0A051D09C1DF005753CE,
				FA6E52D51D0ADF3E00188489,
				13B07FBC1A68108700A75B9A,
				13B07FC11A68108700A75B9A,
			);
			runOnlyForDeploymentPostprocessing = 0;
		};
/* End PBXSourcesBuildPhase section */

/* Begin PBXTargetDependency section */
		00E356F51AD99517003FC87E = {
			isa = PBXTargetDependency;
			target = 13B07F861A680F5B00A75B9A;
			targetProxy = 00E356F41AD99517003FC87E;
		};
/* End PBXTargetDependency section */

/* Begin XCBuildConfiguration section */
		00E356F61AD99517003FC87E = {
			isa = XCBuildConfiguration;
			buildSettings = {
				BUNDLE_LOADER = "$(TEST_HOST)";
				GCC_PREPROCESSOR_DEFINITIONS = (
					"DEBUG=1",
					"$(inherited)",
				);
				INFOPLIST_FILE = "CrownstoneTests/Supporting Files/Info.plist";
				IPHONEOS_DEPLOYMENT_TARGET = 8.2;
				LD_RUNPATH_SEARCH_PATHS = "$(inherited) @executable_path/Frameworks @loader_path/Frameworks";
				LIBRARY_SEARCH_PATHS = (
					"$(inherited)",
					"\"$(SRCROOT)/$(TARGET_NAME)\"",
					"\"$(SRCROOT)/$(TARGET_NAME)\"",
					"\"$(SRCROOT)/$(TARGET_NAME)\"",
					"\"$(SRCROOT)/$(TARGET_NAME)\"",
					"\"$(SRCROOT)/$(TARGET_NAME)\"",
				);
				PRODUCT_BUNDLE_IDENTIFIER = "org.reactjs.native.example.$(PRODUCT_NAME:rfc1034identifier)";
				PRODUCT_NAME = "$(TARGET_NAME)";
				TEST_HOST = "$(BUILT_PRODUCTS_DIR)/Crownstone.app/Crownstone";
			};
			name = Debug;
		};
		00E356F71AD99517003FC87E = {
			isa = XCBuildConfiguration;
			buildSettings = {
				BUNDLE_LOADER = "$(TEST_HOST)";
				COPY_PHASE_STRIP = NO;
				INFOPLIST_FILE = "CrownstoneTests/Supporting Files/Info.plist";
				IPHONEOS_DEPLOYMENT_TARGET = 8.2;
				LD_RUNPATH_SEARCH_PATHS = "$(inherited) @executable_path/Frameworks @loader_path/Frameworks";
				LIBRARY_SEARCH_PATHS = (
					"$(inherited)",
					"\"$(SRCROOT)/$(TARGET_NAME)\"",
					"\"$(SRCROOT)/$(TARGET_NAME)\"",
					"\"$(SRCROOT)/$(TARGET_NAME)\"",
					"\"$(SRCROOT)/$(TARGET_NAME)\"",
					"\"$(SRCROOT)/$(TARGET_NAME)\"",
				);
				PRODUCT_BUNDLE_IDENTIFIER = "org.reactjs.native.example.$(PRODUCT_NAME:rfc1034identifier)";
				PRODUCT_NAME = "$(TARGET_NAME)";
				TEST_HOST = "$(BUILT_PRODUCTS_DIR)/Crownstone.app/Crownstone";
			};
			name = Release;
		};
		13B07F941A680F5B00A75B9A = {
			isa = XCBuildConfiguration;
			buildSettings = {
				ASSETCATALOG_COMPILER_APPICON_NAME = AppIcon;
				CLANG_ENABLE_MODULES = YES;
				CODE_SIGN_IDENTITY = "iPhone Developer";
				"CODE_SIGN_IDENTITY[sdk=iphoneos*]" = "iPhone Developer";
				DEAD_CODE_STRIPPING = NO;
				FRAMEWORK_SEARCH_PATHS = (
					"$(inherited)",
					"$(PROJECT_DIR)/Carthage/Build/iOS",
				);
				HEADER_SEARCH_PATHS = (
					"$(inherited)",
					/Applications/Xcode.app/Contents/Developer/Toolchains/XcodeDefault.xctoolchain/usr/include,
					"$(SRCROOT)/../node_modules/react-native/React/**",
					"$(SRCROOT)/../node_modules/react-native-camera/ios",
					"$(SRCROOT)/../node_modules/react-native-fs/**",
					"$(SRCROOT)/../node_modules/react-native-image-resizer/ios/RCTImageResizer",
					"$(SRCROOT)/../node_modules/react-native-vector-icons/RNVectorIconsManager",
					"$(SRCROOT)/../node_modules/@remobile/react-native-splashscreen/ios/RCTSplashScreen",
				);
				INFOPLIST_FILE = Crownstone/Info.plist;
				LD_RUNPATH_SEARCH_PATHS = "$(inherited) @executable_path/Frameworks";
				OTHER_CODE_SIGN_FLAGS = "";
				OTHER_LDFLAGS = (
					"-ObjC",
					"-lc++",
				);
				PRODUCT_BUNDLE_IDENTIFIER = com.crownstone.Crownstone;
				PRODUCT_NAME = Crownstone;
				PROVISIONING_PROFILE = "";
				STRIP_INSTALLED_PRODUCT = NO;
				SWIFT_OBJC_BRIDGING_HEADER = "Crownstone-Bridging-Header.h";
				SWIFT_OPTIMIZATION_LEVEL = "-Onone";
			};
			name = Debug;
		};
		13B07F951A680F5B00A75B9A = {
			isa = XCBuildConfiguration;
			buildSettings = {
				ASSETCATALOG_COMPILER_APPICON_NAME = AppIcon;
				CLANG_ENABLE_MODULES = YES;
				CODE_SIGN_IDENTITY = "iPhone Developer";
				"CODE_SIGN_IDENTITY[sdk=iphoneos*]" = "iPhone Developer";
				FRAMEWORK_SEARCH_PATHS = (
					"$(inherited)",
					"$(PROJECT_DIR)/Carthage/Build/iOS",
				);
				GCC_OPTIMIZATION_LEVEL = 0;
				HEADER_SEARCH_PATHS = (
					"$(inherited)",
					/Applications/Xcode.app/Contents/Developer/Toolchains/XcodeDefault.xctoolchain/usr/include,
					"$(SRCROOT)/../node_modules/react-native/React/**",
					"$(SRCROOT)/../node_modules/react-native-camera/ios",
					"$(SRCROOT)/../node_modules/react-native-fs/**",
					"$(SRCROOT)/../node_modules/react-native-image-resizer/ios/RCTImageResizer",
					"$(SRCROOT)/../node_modules/react-native-vector-icons/RNVectorIconsManager",
					"$(SRCROOT)/../node_modules/@remobile/react-native-splashscreen/ios/RCTSplashScreen",
				);
				INFOPLIST_FILE = Crownstone/Info.plist;
				LD_RUNPATH_SEARCH_PATHS = "$(inherited) @executable_path/Frameworks";
				OTHER_CODE_SIGN_FLAGS = "";
				OTHER_LDFLAGS = (
					"-ObjC",
					"-lc++",
				);
				PRODUCT_BUNDLE_IDENTIFIER = com.crownstone.Crownstone;
				PRODUCT_NAME = Crownstone;
				PROVISIONING_PROFILE = "";
				STRIP_INSTALLED_PRODUCT = NO;
				SWIFT_OBJC_BRIDGING_HEADER = "Crownstone-Bridging-Header.h";
				SWIFT_OPTIMIZATION_LEVEL = "-Onone";
			};
			name = Release;
		};
		83CBBA201A601CBA00E9B192 = {
			isa = XCBuildConfiguration;
			buildSettings = {
				ALWAYS_SEARCH_USER_PATHS = NO;
				CLANG_CXX_LANGUAGE_STANDARD = "gnu++0x";
				CLANG_CXX_LIBRARY = "libc++";
				CLANG_ENABLE_MODULES = YES;
				CLANG_ENABLE_OBJC_ARC = YES;
				CLANG_WARN_BOOL_CONVERSION = YES;
				CLANG_WARN_CONSTANT_CONVERSION = YES;
				CLANG_WARN_DIRECT_OBJC_ISA_USAGE = YES_ERROR;
				CLANG_WARN_EMPTY_BODY = YES;
				CLANG_WARN_ENUM_CONVERSION = YES;
				CLANG_WARN_INT_CONVERSION = YES;
				CLANG_WARN_OBJC_ROOT_CLASS = YES_ERROR;
				CLANG_WARN_UNREACHABLE_CODE = YES;
				CLANG_WARN__DUPLICATE_METHOD_MATCH = YES;
				"CODE_SIGN_IDENTITY[sdk=iphoneos*]" = "iPhone Developer";
				COPY_PHASE_STRIP = NO;
				ENABLE_STRICT_OBJC_MSGSEND = YES;
				ENABLE_TESTABILITY = YES;
				GCC_C_LANGUAGE_STANDARD = gnu99;
				GCC_DYNAMIC_NO_PIC = NO;
				GCC_OPTIMIZATION_LEVEL = 0;
				GCC_PREPROCESSOR_DEFINITIONS = (
					"DEBUG=1",
					"$(inherited)",
				);
				GCC_SYMBOLS_PRIVATE_EXTERN = NO;
				GCC_WARN_64_TO_32_BIT_CONVERSION = YES;
				GCC_WARN_ABOUT_RETURN_TYPE = YES_ERROR;
				GCC_WARN_UNDECLARED_SELECTOR = YES;
				GCC_WARN_UNINITIALIZED_AUTOS = YES_AGGRESSIVE;
				GCC_WARN_UNUSED_FUNCTION = YES;
				GCC_WARN_UNUSED_VARIABLE = YES;
				HEADER_SEARCH_PATHS = (
					"$(inherited)",
					/Applications/Xcode.app/Contents/Developer/Toolchains/XcodeDefault.xctoolchain/usr/include,
					"$(SRCROOT)/../node_modules/react-native/React/**",
					"$(SRCROOT)/../node_modules/react-native-camera/ios",
					"$(SRCROOT)/../node_modules/react-native-fs/**",
					"$(SRCROOT)/../node_modules/react-native-image-resizer/ios/RCTImageResizer",
					"$(SRCROOT)/../node_modules/react-native-vector-icons/RNVectorIconsManager",
					"$(SRCROOT)/../node_modules/@remobile/react-native-splashscreen/ios/RCTSplashScreen",
				);
				IPHONEOS_DEPLOYMENT_TARGET = 9.3;
				MTL_ENABLE_DEBUG_INFO = YES;
				ONLY_ACTIVE_ARCH = YES;
				SDKROOT = iphoneos;
			};
			name = Debug;
		};
		83CBBA211A601CBA00E9B192 = {
			isa = XCBuildConfiguration;
			buildSettings = {
				ALWAYS_SEARCH_USER_PATHS = NO;
				CLANG_CXX_LANGUAGE_STANDARD = "gnu++0x";
				CLANG_CXX_LIBRARY = "libc++";
				CLANG_ENABLE_MODULES = YES;
				CLANG_ENABLE_OBJC_ARC = YES;
				CLANG_WARN_BOOL_CONVERSION = YES;
				CLANG_WARN_CONSTANT_CONVERSION = YES;
				CLANG_WARN_DIRECT_OBJC_ISA_USAGE = YES_ERROR;
				CLANG_WARN_EMPTY_BODY = YES;
				CLANG_WARN_ENUM_CONVERSION = YES;
				CLANG_WARN_INT_CONVERSION = YES;
				CLANG_WARN_OBJC_ROOT_CLASS = YES_ERROR;
				CLANG_WARN_UNREACHABLE_CODE = YES;
				CLANG_WARN__DUPLICATE_METHOD_MATCH = YES;
				"CODE_SIGN_IDENTITY[sdk=iphoneos*]" = "iPhone Developer";
				COPY_PHASE_STRIP = YES;
				ENABLE_NS_ASSERTIONS = NO;
				ENABLE_STRICT_OBJC_MSGSEND = YES;
				GCC_C_LANGUAGE_STANDARD = gnu99;
				GCC_WARN_64_TO_32_BIT_CONVERSION = YES;
				GCC_WARN_ABOUT_RETURN_TYPE = YES_ERROR;
				GCC_WARN_UNDECLARED_SELECTOR = YES;
				GCC_WARN_UNINITIALIZED_AUTOS = YES_AGGRESSIVE;
				GCC_WARN_UNUSED_FUNCTION = YES;
				GCC_WARN_UNUSED_VARIABLE = YES;
				HEADER_SEARCH_PATHS = (
					"$(inherited)",
					/Applications/Xcode.app/Contents/Developer/Toolchains/XcodeDefault.xctoolchain/usr/include,
					"$(SRCROOT)/../node_modules/react-native/React/**",
					"$(SRCROOT)/../node_modules/react-native-camera/ios",
					"$(SRCROOT)/../node_modules/react-native-fs/**",
					"$(SRCROOT)/../node_modules/react-native-image-resizer/ios/RCTImageResizer",
					"$(SRCROOT)/../node_modules/react-native-vector-icons/RNVectorIconsManager",
					"$(SRCROOT)/../node_modules/@remobile/react-native-splashscreen/ios/RCTSplashScreen",
				);
				IPHONEOS_DEPLOYMENT_TARGET = 9.3;
				MTL_ENABLE_DEBUG_INFO = NO;
				SDKROOT = iphoneos;
				VALIDATE_PRODUCT = YES;
			};
			name = Release;
		};
/* End XCBuildConfiguration section */

/* Begin XCConfigurationList section */
		00E357021AD99517003FC87E = {
			isa = XCConfigurationList;
			buildConfigurations = (
				00E356F61AD99517003FC87E,
				00E356F71AD99517003FC87E,
			);
			defaultConfigurationIsVisible = 0;
			defaultConfigurationName = Release;
		};
		13B07F931A680F5B00A75B9A = {
			isa = XCConfigurationList;
			buildConfigurations = (
				13B07F941A680F5B00A75B9A,
				13B07F951A680F5B00A75B9A,
			);
			defaultConfigurationIsVisible = 0;
			defaultConfigurationName = Release;
		};
		83CBB9FA1A601CBA00E9B192 = {
			isa = XCConfigurationList;
			buildConfigurations = (
				83CBBA201A601CBA00E9B192,
				83CBBA211A601CBA00E9B192,
			);
			defaultConfigurationIsVisible = 0;
			defaultConfigurationName = Release;
		};
/* End XCConfigurationList section */
	};
	rootObject = 83CBB9F71A601CBA00E9B192;
}
