// !$*UTF8*$!
{
	archiveVersion = 1;
	classes = {
	};
	objectVersion = 50;
	objects = {

/* Begin PBXBuildFile section */
		FAB3AA492170C492001A6DD7 /* image_processing_ios.framework in Frameworks */ = {isa = PBXBuildFile; fileRef = FAB3AA3F2170C492001A6DD7 /* image_processing_ios.framework */; };
		FAB3AA4E2170C492001A6DD7 /* image_processing_iosTests.swift in Sources */ = {isa = PBXBuildFile; fileRef = FAB3AA4D2170C492001A6DD7 /* image_processing_iosTests.swift */; };
		FAB3AA502170C492001A6DD7 /* image_processing_ios.h in Headers */ = {isa = PBXBuildFile; fileRef = FAB3AA422170C492001A6DD7 /* image_processing_ios.h */; settings = {ATTRIBUTES = (Public, ); }; };
		FAB3AA5A2170C976001A6DD7 /* ImageProcessing.swift in Sources */ = {isa = PBXBuildFile; fileRef = FAB3AA592170C976001A6DD7 /* ImageProcessing.swift */; };
		FAB3AA5C2170CA24001A6DD7 /* README.md in Resources */ = {isa = PBXBuildFile; fileRef = FAB3AA5B2170CA24001A6DD7 /* README.md */; };
/* End PBXBuildFile section */

/* Begin PBXContainerItemProxy section */
		FAB3AA4A2170C492001A6DD7 /* PBXContainerItemProxy */ = {
			isa = PBXContainerItemProxy;
			containerPortal = FAB3AA362170C492001A6DD7 /* Project object */;
			proxyType = 1;
			remoteGlobalIDString = FAB3AA3E2170C492001A6DD7;
			remoteInfo = "image-processing-ios";
		};
/* End PBXContainerItemProxy section */

/* Begin PBXFileReference section */
		FAB3AA3F2170C492001A6DD7 /* image_processing_ios.framework */ = {isa = PBXFileReference; explicitFileType = wrapper.framework; includeInIndex = 0; path = image_processing_ios.framework; sourceTree = BUILT_PRODUCTS_DIR; };
		FAB3AA422170C492001A6DD7 /* image_processing_ios.h */ = {isa = PBXFileReference; lastKnownFileType = sourcecode.c.h; path = image_processing_ios.h; sourceTree = "<group>"; };
		FAB3AA432170C492001A6DD7 /* Info.plist */ = {isa = PBXFileReference; lastKnownFileType = text.plist.xml; path = Info.plist; sourceTree = "<group>"; };
		FAB3AA482170C492001A6DD7 /* image-processing-iosTests.xctest */ = {isa = PBXFileReference; explicitFileType = wrapper.cfbundle; includeInIndex = 0; path = "image-processing-iosTests.xctest"; sourceTree = BUILT_PRODUCTS_DIR; };
		FAB3AA4D2170C492001A6DD7 /* image_processing_iosTests.swift */ = {isa = PBXFileReference; lastKnownFileType = sourcecode.swift; path = image_processing_iosTests.swift; sourceTree = "<group>"; };
		FAB3AA4F2170C492001A6DD7 /* Info.plist */ = {isa = PBXFileReference; lastKnownFileType = text.plist.xml; path = Info.plist; sourceTree = "<group>"; };
		FAB3AA592170C976001A6DD7 /* ImageProcessing.swift */ = {isa = PBXFileReference; lastKnownFileType = sourcecode.swift; path = ImageProcessing.swift; sourceTree = "<group>"; };
		FAB3AA5B2170CA24001A6DD7 /* README.md */ = {isa = PBXFileReference; fileEncoding = 4; lastKnownFileType = net.daringfireball.markdown; path = README.md; sourceTree = SOURCE_ROOT; };
/* End PBXFileReference section */

/* Begin PBXFrameworksBuildPhase section */
		FAB3AA3C2170C492001A6DD7 /* Frameworks */ = {
			isa = PBXFrameworksBuildPhase;
			buildActionMask = 2147483647;
			files = (
			);
			runOnlyForDeploymentPostprocessing = 0;
		};
		FAB3AA452170C492001A6DD7 /* Frameworks */ = {
			isa = PBXFrameworksBuildPhase;
			buildActionMask = 2147483647;
			files = (
				FAB3AA492170C492001A6DD7 /* image_processing_ios.framework in Frameworks */,
			);
			runOnlyForDeploymentPostprocessing = 0;
		};
/* End PBXFrameworksBuildPhase section */

/* Begin PBXGroup section */
		FAB3AA352170C492001A6DD7 = {
			isa = PBXGroup;
			children = (
				FAB3AA412170C492001A6DD7 /* image-processing-ios */,
				FAB3AA4C2170C492001A6DD7 /* image-processing-iosTests */,
				FAB3AA402170C492001A6DD7 /* Products */,
			);
			sourceTree = "<group>";
		};
		FAB3AA402170C492001A6DD7 /* Products */ = {
			isa = PBXGroup;
			children = (
				FAB3AA3F2170C492001A6DD7 /* image_processing_ios.framework */,
				FAB3AA482170C492001A6DD7 /* image-processing-iosTests.xctest */,
			);
			name = Products;
			sourceTree = "<group>";
		};
		FAB3AA412170C492001A6DD7 /* image-processing-ios */ = {
			isa = PBXGroup;
			children = (
				FAB3AA422170C492001A6DD7 /* image_processing_ios.h */,
				FAB3AA592170C976001A6DD7 /* ImageProcessing.swift */,
				FAB3AA5B2170CA24001A6DD7 /* README.md */,
				FAB3AA432170C492001A6DD7 /* Info.plist */,
			);
			path = "image-processing-ios";
			sourceTree = "<group>";
		};
		FAB3AA4C2170C492001A6DD7 /* image-processing-iosTests */ = {
			isa = PBXGroup;
			children = (
				FAB3AA4D2170C492001A6DD7 /* image_processing_iosTests.swift */,
				FAB3AA4F2170C492001A6DD7 /* Info.plist */,
			);
			path = "image-processing-iosTests";
			sourceTree = "<group>";
		};
/* End PBXGroup section */

/* Begin PBXHeadersBuildPhase section */
		FAB3AA3A2170C492001A6DD7 /* Headers */ = {
			isa = PBXHeadersBuildPhase;
			buildActionMask = 2147483647;
			files = (
				FAB3AA502170C492001A6DD7 /* image_processing_ios.h in Headers */,
			);
			runOnlyForDeploymentPostprocessing = 0;
		};
/* End PBXHeadersBuildPhase section */

/* Begin PBXNativeTarget section */
		FAB3AA3E2170C492001A6DD7 /* image-processing-ios */ = {
			isa = PBXNativeTarget;
			buildConfigurationList = FAB3AA532170C492001A6DD7 /* Build configuration list for PBXNativeTarget "image-processing-ios" */;
			buildPhases = (
				FAB3AA3A2170C492001A6DD7 /* Headers */,
				FAB3AA3B2170C492001A6DD7 /* Sources */,
				FAB3AA3C2170C492001A6DD7 /* Frameworks */,
				FAB3AA3D2170C492001A6DD7 /* Resources */,
			);
			buildRules = (
			);
			dependencies = (
			);
			name = "image-processing-ios";
			productName = "image-processing-ios";
			productReference = FAB3AA3F2170C492001A6DD7 /* image_processing_ios.framework */;
			productType = "com.apple.product-type.framework";
		};
		FAB3AA472170C492001A6DD7 /* image-processing-iosTests */ = {
			isa = PBXNativeTarget;
			buildConfigurationList = FAB3AA562170C492001A6DD7 /* Build configuration list for PBXNativeTarget "image-processing-iosTests" */;
			buildPhases = (
				FAB3AA442170C492001A6DD7 /* Sources */,
				FAB3AA452170C492001A6DD7 /* Frameworks */,
				FAB3AA462170C492001A6DD7 /* Resources */,
			);
			buildRules = (
			);
			dependencies = (
				FAB3AA4B2170C492001A6DD7 /* PBXTargetDependency */,
			);
			name = "image-processing-iosTests";
			productName = "image-processing-iosTests";
			productReference = FAB3AA482170C492001A6DD7 /* image-processing-iosTests.xctest */;
			productType = "com.apple.product-type.bundle.unit-test";
		};
/* End PBXNativeTarget section */

/* Begin PBXProject section */
		FAB3AA362170C492001A6DD7 /* Project object */ = {
			isa = PBXProject;
			attributes = {
				LastSwiftUpdateCheck = 1000;
				LastUpgradeCheck = 1000;
				ORGANIZATIONNAME = "Alex de Mulder";
				TargetAttributes = {
					FAB3AA3E2170C492001A6DD7 = {
						CreatedOnToolsVersion = 10.0;
						LastSwiftMigration = 1000;
					};
					FAB3AA472170C492001A6DD7 = {
						CreatedOnToolsVersion = 10.0;
					};
				};
			};
			buildConfigurationList = FAB3AA392170C492001A6DD7 /* Build configuration list for PBXProject "image-processing-ios" */;
			compatibilityVersion = "Xcode 9.3";
			developmentRegion = en;
			hasScannedForEncodings = 0;
			knownRegions = (
				en,
			);
			mainGroup = FAB3AA352170C492001A6DD7;
			productRefGroup = FAB3AA402170C492001A6DD7 /* Products */;
			projectDirPath = "";
			projectRoot = "";
			targets = (
				FAB3AA3E2170C492001A6DD7 /* image-processing-ios */,
				FAB3AA472170C492001A6DD7 /* image-processing-iosTests */,
			);
		};
/* End PBXProject section */

/* Begin PBXResourcesBuildPhase section */
		FAB3AA3D2170C492001A6DD7 /* Resources */ = {
			isa = PBXResourcesBuildPhase;
			buildActionMask = 2147483647;
			files = (
				FAB3AA5C2170CA24001A6DD7 /* README.md in Resources */,
			);
			runOnlyForDeploymentPostprocessing = 0;
		};
		FAB3AA462170C492001A6DD7 /* Resources */ = {
			isa = PBXResourcesBuildPhase;
			buildActionMask = 2147483647;
			files = (
			);
			runOnlyForDeploymentPostprocessing = 0;
		};
/* End PBXResourcesBuildPhase section */

/* Begin PBXSourcesBuildPhase section */
		FAB3AA3B2170C492001A6DD7 /* Sources */ = {
			isa = PBXSourcesBuildPhase;
			buildActionMask = 2147483647;
			files = (
				FAB3AA5A2170C976001A6DD7 /* ImageProcessing.swift in Sources */,
			);
			runOnlyForDeploymentPostprocessing = 0;
		};
		FAB3AA442170C492001A6DD7 /* Sources */ = {
			isa = PBXSourcesBuildPhase;
			buildActionMask = 2147483647;
			files = (
				FAB3AA4E2170C492001A6DD7 /* image_processing_iosTests.swift in Sources */,
			);
			runOnlyForDeploymentPostprocessing = 0;
		};
/* End PBXSourcesBuildPhase section */

/* Begin PBXTargetDependency section */
		FAB3AA4B2170C492001A6DD7 /* PBXTargetDependency */ = {
			isa = PBXTargetDependency;
			target = FAB3AA3E2170C492001A6DD7 /* image-processing-ios */;
			targetProxy = FAB3AA4A2170C492001A6DD7 /* PBXContainerItemProxy */;
		};
/* End PBXTargetDependency section */

/* Begin XCBuildConfiguration section */
		FAB3AA512170C492001A6DD7 /* Debug */ = {
			isa = XCBuildConfiguration;
			buildSettings = {
				ALWAYS_SEARCH_USER_PATHS = NO;
				CLANG_ANALYZER_NONNULL = YES;
				CLANG_ANALYZER_NUMBER_OBJECT_CONVERSION = YES_AGGRESSIVE;
				CLANG_CXX_LANGUAGE_STANDARD = "gnu++14";
				CLANG_CXX_LIBRARY = "libc++";
				CLANG_ENABLE_MODULES = YES;
				CLANG_ENABLE_OBJC_ARC = YES;
				CLANG_ENABLE_OBJC_WEAK = YES;
				CLANG_WARN_BLOCK_CAPTURE_AUTORELEASING = YES;
				CLANG_WARN_BOOL_CONVERSION = YES;
				CLANG_WARN_COMMA = YES;
				CLANG_WARN_CONSTANT_CONVERSION = YES;
				CLANG_WARN_DEPRECATED_OBJC_IMPLEMENTATIONS = YES;
				CLANG_WARN_DIRECT_OBJC_ISA_USAGE = YES_ERROR;
				CLANG_WARN_DOCUMENTATION_COMMENTS = YES;
				CLANG_WARN_EMPTY_BODY = YES;
				CLANG_WARN_ENUM_CONVERSION = YES;
				CLANG_WARN_INFINITE_RECURSION = YES;
				CLANG_WARN_INT_CONVERSION = YES;
				CLANG_WARN_NON_LITERAL_NULL_CONVERSION = YES;
				CLANG_WARN_OBJC_IMPLICIT_RETAIN_SELF = YES;
				CLANG_WARN_OBJC_LITERAL_CONVERSION = YES;
				CLANG_WARN_OBJC_ROOT_CLASS = YES_ERROR;
				CLANG_WARN_RANGE_LOOP_ANALYSIS = YES;
				CLANG_WARN_STRICT_PROTOTYPES = YES;
				CLANG_WARN_SUSPICIOUS_MOVE = YES;
				CLANG_WARN_UNGUARDED_AVAILABILITY = YES_AGGRESSIVE;
				CLANG_WARN_UNREACHABLE_CODE = YES;
				CLANG_WARN__DUPLICATE_METHOD_MATCH = YES;
				CODE_SIGN_IDENTITY = "iPhone Developer";
				COPY_PHASE_STRIP = NO;
				CURRENT_PROJECT_VERSION = 1;
				DEBUG_INFORMATION_FORMAT = dwarf;
				ENABLE_STRICT_OBJC_MSGSEND = YES;
				ENABLE_TESTABILITY = YES;
				GCC_C_LANGUAGE_STANDARD = gnu11;
				GCC_DYNAMIC_NO_PIC = NO;
				GCC_NO_COMMON_BLOCKS = YES;
				GCC_OPTIMIZATION_LEVEL = 0;
				GCC_PREPROCESSOR_DEFINITIONS = (
					"DEBUG=1",
					"$(inherited)",
				);
				GCC_WARN_64_TO_32_BIT_CONVERSION = YES;
				GCC_WARN_ABOUT_RETURN_TYPE = YES_ERROR;
				GCC_WARN_UNDECLARED_SELECTOR = YES;
				GCC_WARN_UNINITIALIZED_AUTOS = YES_AGGRESSIVE;
				GCC_WARN_UNUSED_FUNCTION = YES;
				GCC_WARN_UNUSED_VARIABLE = YES;
				IPHONEOS_DEPLOYMENT_TARGET = 12.0;
				MTL_ENABLE_DEBUG_INFO = INCLUDE_SOURCE;
				MTL_FAST_MATH = YES;
				ONLY_ACTIVE_ARCH = YES;
				SDKROOT = iphoneos;
				SWIFT_ACTIVE_COMPILATION_CONDITIONS = DEBUG;
				SWIFT_OPTIMIZATION_LEVEL = "-Onone";
				VERSIONING_SYSTEM = "apple-generic";
				VERSION_INFO_PREFIX = "";
			};
			name = Debug;
		};
		FAB3AA522170C492001A6DD7 /* Release */ = {
			isa = XCBuildConfiguration;
			buildSettings = {
				ALWAYS_SEARCH_USER_PATHS = NO;
				CLANG_ANALYZER_NONNULL = YES;
				CLANG_ANALYZER_NUMBER_OBJECT_CONVERSION = YES_AGGRESSIVE;
				CLANG_CXX_LANGUAGE_STANDARD = "gnu++14";
				CLANG_CXX_LIBRARY = "libc++";
				CLANG_ENABLE_MODULES = YES;
				CLANG_ENABLE_OBJC_ARC = YES;
				CLANG_ENABLE_OBJC_WEAK = YES;
				CLANG_WARN_BLOCK_CAPTURE_AUTORELEASING = YES;
				CLANG_WARN_BOOL_CONVERSION = YES;
				CLANG_WARN_COMMA = YES;
				CLANG_WARN_CONSTANT_CONVERSION = YES;
				CLANG_WARN_DEPRECATED_OBJC_IMPLEMENTATIONS = YES;
				CLANG_WARN_DIRECT_OBJC_ISA_USAGE = YES_ERROR;
				CLANG_WARN_DOCUMENTATION_COMMENTS = YES;
				CLANG_WARN_EMPTY_BODY = YES;
				CLANG_WARN_ENUM_CONVERSION = YES;
				CLANG_WARN_INFINITE_RECURSION = YES;
				CLANG_WARN_INT_CONVERSION = YES;
				CLANG_WARN_NON_LITERAL_NULL_CONVERSION = YES;
				CLANG_WARN_OBJC_IMPLICIT_RETAIN_SELF = YES;
				CLANG_WARN_OBJC_LITERAL_CONVERSION = YES;
				CLANG_WARN_OBJC_ROOT_CLASS = YES_ERROR;
				CLANG_WARN_RANGE_LOOP_ANALYSIS = YES;
				CLANG_WARN_STRICT_PROTOTYPES = YES;
				CLANG_WARN_SUSPICIOUS_MOVE = YES;
				CLANG_WARN_UNGUARDED_AVAILABILITY = YES_AGGRESSIVE;
				CLANG_WARN_UNREACHABLE_CODE = YES;
				CLANG_WARN__DUPLICATE_METHOD_MATCH = YES;
				CODE_SIGN_IDENTITY = "iPhone Developer";
				COPY_PHASE_STRIP = NO;
				CURRENT_PROJECT_VERSION = 1;
				DEBUG_INFORMATION_FORMAT = "dwarf-with-dsym";
				ENABLE_NS_ASSERTIONS = NO;
				ENABLE_STRICT_OBJC_MSGSEND = YES;
				GCC_C_LANGUAGE_STANDARD = gnu11;
				GCC_NO_COMMON_BLOCKS = YES;
				GCC_WARN_64_TO_32_BIT_CONVERSION = YES;
				GCC_WARN_ABOUT_RETURN_TYPE = YES_ERROR;
				GCC_WARN_UNDECLARED_SELECTOR = YES;
				GCC_WARN_UNINITIALIZED_AUTOS = YES_AGGRESSIVE;
				GCC_WARN_UNUSED_FUNCTION = YES;
				GCC_WARN_UNUSED_VARIABLE = YES;
				IPHONEOS_DEPLOYMENT_TARGET = 12.0;
				MTL_ENABLE_DEBUG_INFO = NO;
				MTL_FAST_MATH = YES;
				SDKROOT = iphoneos;
				SWIFT_COMPILATION_MODE = wholemodule;
				SWIFT_OPTIMIZATION_LEVEL = "-O";
				VALIDATE_PRODUCT = YES;
				VERSIONING_SYSTEM = "apple-generic";
				VERSION_INFO_PREFIX = "";
			};
			name = Release;
		};
		FAB3AA542170C492001A6DD7 /* Debug */ = {
			isa = XCBuildConfiguration;
			buildSettings = {
				CLANG_ENABLE_MODULES = YES;
				CODE_SIGN_IDENTITY = "";
				CODE_SIGN_STYLE = Automatic;
				DEFINES_MODULE = YES;
				DYLIB_COMPATIBILITY_VERSION = 1;
				DYLIB_CURRENT_VERSION = 1;
				DYLIB_INSTALL_NAME_BASE = "@rpath";
				INFOPLIST_FILE = "image-processing-ios/Info.plist";
				INSTALL_PATH = "$(LOCAL_LIBRARY_DIR)/Frameworks";
				LD_RUNPATH_SEARCH_PATHS = (
					"$(inherited)",
					"@executable_path/Frameworks",
					"@loader_path/Frameworks",
				);
				PRODUCT_BUNDLE_IDENTIFIER = "com.crownstone.image-processing-ios";
				PRODUCT_NAME = "$(TARGET_NAME:c99extidentifier)";
				SKIP_INSTALL = YES;
				SWIFT_OPTIMIZATION_LEVEL = "-Onone";
				SWIFT_VERSION = 4.2;
				TARGETED_DEVICE_FAMILY = "1,2";
			};
			name = Debug;
		};
		FAB3AA552170C492001A6DD7 /* Release */ = {
			isa = XCBuildConfiguration;
			buildSettings = {
				CLANG_ENABLE_MODULES = YES;
				CODE_SIGN_IDENTITY = "";
				CODE_SIGN_STYLE = Automatic;
				DEFINES_MODULE = YES;
				DYLIB_COMPATIBILITY_VERSION = 1;
				DYLIB_CURRENT_VERSION = 1;
				DYLIB_INSTALL_NAME_BASE = "@rpath";
				INFOPLIST_FILE = "image-processing-ios/Info.plist";
				INSTALL_PATH = "$(LOCAL_LIBRARY_DIR)/Frameworks";
				LD_RUNPATH_SEARCH_PATHS = (
					"$(inherited)",
					"@executable_path/Frameworks",
					"@loader_path/Frameworks",
				);
				PRODUCT_BUNDLE_IDENTIFIER = "com.crownstone.image-processing-ios";
				PRODUCT_NAME = "$(TARGET_NAME:c99extidentifier)";
				SKIP_INSTALL = YES;
				SWIFT_VERSION = 4.2;
				TARGETED_DEVICE_FAMILY = "1,2";
			};
			name = Release;
		};
		FAB3AA572170C492001A6DD7 /* Debug */ = {
			isa = XCBuildConfiguration;
			buildSettings = {
				ALWAYS_EMBED_SWIFT_STANDARD_LIBRARIES = YES;
				CODE_SIGN_STYLE = Automatic;
				INFOPLIST_FILE = "image-processing-iosTests/Info.plist";
				LD_RUNPATH_SEARCH_PATHS = (
					"$(inherited)",
					"@executable_path/Frameworks",
					"@loader_path/Frameworks",
				);
				PRODUCT_BUNDLE_IDENTIFIER = "com.crownstone.image-processing-iosTests";
				PRODUCT_NAME = "$(TARGET_NAME)";
				SWIFT_VERSION = 4.2;
				TARGETED_DEVICE_FAMILY = "1,2";
			};
			name = Debug;
		};
		FAB3AA582170C492001A6DD7 /* Release */ = {
			isa = XCBuildConfiguration;
			buildSettings = {
				ALWAYS_EMBED_SWIFT_STANDARD_LIBRARIES = YES;
				CODE_SIGN_STYLE = Automatic;
				INFOPLIST_FILE = "image-processing-iosTests/Info.plist";
				LD_RUNPATH_SEARCH_PATHS = (
					"$(inherited)",
					"@executable_path/Frameworks",
					"@loader_path/Frameworks",
				);
				PRODUCT_BUNDLE_IDENTIFIER = "com.crownstone.image-processing-iosTests";
				PRODUCT_NAME = "$(TARGET_NAME)";
				SWIFT_VERSION = 4.2;
				TARGETED_DEVICE_FAMILY = "1,2";
			};
			name = Release;
		};
/* End XCBuildConfiguration section */

/* Begin XCConfigurationList section */
		FAB3AA392170C492001A6DD7 /* Build configuration list for PBXProject "image-processing-ios" */ = {
			isa = XCConfigurationList;
			buildConfigurations = (
				FAB3AA512170C492001A6DD7 /* Debug */,
				FAB3AA522170C492001A6DD7 /* Release */,
			);
			defaultConfigurationIsVisible = 0;
			defaultConfigurationName = Release;
		};
		FAB3AA532170C492001A6DD7 /* Build configuration list for PBXNativeTarget "image-processing-ios" */ = {
			isa = XCConfigurationList;
			buildConfigurations = (
				FAB3AA542170C492001A6DD7 /* Debug */,
				FAB3AA552170C492001A6DD7 /* Release */,
			);
			defaultConfigurationIsVisible = 0;
			defaultConfigurationName = Release;
		};
		FAB3AA562170C492001A6DD7 /* Build configuration list for PBXNativeTarget "image-processing-iosTests" */ = {
			isa = XCConfigurationList;
			buildConfigurations = (
				FAB3AA572170C492001A6DD7 /* Debug */,
				FAB3AA582170C492001A6DD7 /* Release */,
			);
			defaultConfigurationIsVisible = 0;
			defaultConfigurationName = Release;
		};
/* End XCConfigurationList section */
	};
	rootObject = FAB3AA362170C492001A6DD7 /* Project object */;
}
